// !$*UTF8*$!
{
	archiveVersion = 1;
	classes = {
	};
	objectVersion = 56;
	objects = {

/* Begin PBXBuildFile section */
		0B3B7EE546A0FECCE06DC238 /* Pods_PrayerCompanionIOS.framework in Frameworks */ = {isa = PBXBuildFile; fileRef = 0574EB622D7DACA9735A8B46 /* Pods_PrayerCompanionIOS.framework */; };
		470051C72ACD6A1100C734E5 /* light.ttf in Resources */ = {isa = PBXBuildFile; fileRef = 470051C32ACD6A1100C734E5 /* light.ttf */; };
		470051C82ACD6A1100C734E5 /* bold.ttf in Resources */ = {isa = PBXBuildFile; fileRef = 470051C42ACD6A1100C734E5 /* bold.ttf */; };
		470051C92ACD6A1100C734E5 /* extra_bold.ttf in Resources */ = {isa = PBXBuildFile; fileRef = 470051C52ACD6A1100C734E5 /* extra_bold.ttf */; };
		470051CA2ACD6A1100C734E5 /* regular.ttf in Resources */ = {isa = PBXBuildFile; fileRef = 470051C62ACD6A1100C734E5 /* regular.ttf */; };
		47369BF12ABC86FC00198035 /* shared in Resources */ = {isa = PBXBuildFile; fileRef = 47369BF02ABC86FC00198035 /* shared */; };
		473CF1352ABBF69F0040713A /* PrayerCompanionIOSApp.swift in Sources */ = {isa = PBXBuildFile; fileRef = 473CF1342ABBF69F0040713A /* PrayerCompanionIOSApp.swift */; };
		473CF1372ABBF69F0040713A /* ContentView.swift in Sources */ = {isa = PBXBuildFile; fileRef = 473CF1362ABBF69F0040713A /* ContentView.swift */; };
		473CF1392ABBF6A00040713A /* Assets.xcassets in Resources */ = {isa = PBXBuildFile; fileRef = 473CF1382ABBF6A00040713A /* Assets.xcassets */; };
		473CF13D2ABBF6A00040713A /* Preview Assets.xcassets in Resources */ = {isa = PBXBuildFile; fileRef = 473CF13C2ABBF6A00040713A /* Preview Assets.xcassets */; };
		473FC9A42B0EAA1900BEE28E /* GoogleService-Info.plist in Resources */ = {isa = PBXBuildFile; fileRef = 473FC9A32B0EAA1900BEE28E /* GoogleService-Info.plist */; };
		475B0EBD2B3863DE00444C8D /* FirebaseAnalytics in Frameworks */ = {isa = PBXBuildFile; productRef = 475B0EBC2B3863DE00444C8D /* FirebaseAnalytics */; };
		47BF7CA22B172745007B70E1 /* FirebaseAnalyticsOnDeviceConversion in Frameworks */ = {isa = PBXBuildFile; productRef = 47BF7CA12B172745007B70E1 /* FirebaseAnalyticsOnDeviceConversion */; };
		47BF7CA42B172745007B70E1 /* FirebaseAnalyticsSwift in Frameworks */ = {isa = PBXBuildFile; productRef = 47BF7CA32B172745007B70E1 /* FirebaseAnalyticsSwift */; };
		47BF7CA62B172745007B70E1 /* FirebaseAnalyticsWithoutAdIdSupport in Frameworks */ = {isa = PBXBuildFile; productRef = 47BF7CA52B172745007B70E1 /* FirebaseAnalyticsWithoutAdIdSupport */; };
		47BF7CA82B172745007B70E1 /* FirebaseAppCheck in Frameworks */ = {isa = PBXBuildFile; productRef = 47BF7CA72B172745007B70E1 /* FirebaseAppCheck */; };
		47BF7CAA2B172745007B70E1 /* FirebaseAppDistribution-Beta in Frameworks */ = {isa = PBXBuildFile; productRef = 47BF7CA92B172745007B70E1 /* FirebaseAppDistribution-Beta */; };
		47BF7CAC2B172745007B70E1 /* FirebaseAuth in Frameworks */ = {isa = PBXBuildFile; productRef = 47BF7CAB2B172745007B70E1 /* FirebaseAuth */; };
		47BF7CAE2B172745007B70E1 /* FirebaseAuthCombine-Community in Frameworks */ = {isa = PBXBuildFile; productRef = 47BF7CAD2B172745007B70E1 /* FirebaseAuthCombine-Community */; };
		47BF7CB02B172745007B70E1 /* FirebaseCrashlytics in Frameworks */ = {isa = PBXBuildFile; productRef = 47BF7CAF2B172745007B70E1 /* FirebaseCrashlytics */; };
		47BF7CB22B172745007B70E1 /* FirebaseDatabase in Frameworks */ = {isa = PBXBuildFile; productRef = 47BF7CB12B172745007B70E1 /* FirebaseDatabase */; };
		47BF7CB42B172745007B70E1 /* FirebaseDatabaseSwift in Frameworks */ = {isa = PBXBuildFile; productRef = 47BF7CB32B172745007B70E1 /* FirebaseDatabaseSwift */; };
		47BF7CB62B172745007B70E1 /* FirebaseDynamicLinks in Frameworks */ = {isa = PBXBuildFile; productRef = 47BF7CB52B172745007B70E1 /* FirebaseDynamicLinks */; };
		47BF7CB82B172745007B70E1 /* FirebaseFirestore in Frameworks */ = {isa = PBXBuildFile; productRef = 47BF7CB72B172745007B70E1 /* FirebaseFirestore */; };
		47BF7CBA2B172745007B70E1 /* FirebaseFirestoreCombine-Community in Frameworks */ = {isa = PBXBuildFile; productRef = 47BF7CB92B172745007B70E1 /* FirebaseFirestoreCombine-Community */; };
		47BF7CBC2B172745007B70E1 /* FirebaseFirestoreSwift in Frameworks */ = {isa = PBXBuildFile; productRef = 47BF7CBB2B172745007B70E1 /* FirebaseFirestoreSwift */; };
		47BF7CBE2B172745007B70E1 /* FirebaseFunctions in Frameworks */ = {isa = PBXBuildFile; productRef = 47BF7CBD2B172745007B70E1 /* FirebaseFunctions */; };
		47BF7CC02B172745007B70E1 /* FirebaseFunctionsCombine-Community in Frameworks */ = {isa = PBXBuildFile; productRef = 47BF7CBF2B172745007B70E1 /* FirebaseFunctionsCombine-Community */; };
		47BF7CC22B172745007B70E1 /* FirebaseInAppMessaging-Beta in Frameworks */ = {isa = PBXBuildFile; productRef = 47BF7CC12B172745007B70E1 /* FirebaseInAppMessaging-Beta */; };
		47BF7CC42B172745007B70E1 /* FirebaseInAppMessagingSwift-Beta in Frameworks */ = {isa = PBXBuildFile; productRef = 47BF7CC32B172745007B70E1 /* FirebaseInAppMessagingSwift-Beta */; };
		47BF7CC62B172745007B70E1 /* FirebaseInstallations in Frameworks */ = {isa = PBXBuildFile; productRef = 47BF7CC52B172745007B70E1 /* FirebaseInstallations */; };
		47BF7CC82B172745007B70E1 /* FirebaseMLModelDownloader in Frameworks */ = {isa = PBXBuildFile; productRef = 47BF7CC72B172745007B70E1 /* FirebaseMLModelDownloader */; };
		47BF7CCA2B172745007B70E1 /* FirebaseMessaging in Frameworks */ = {isa = PBXBuildFile; productRef = 47BF7CC92B172745007B70E1 /* FirebaseMessaging */; };
		47BF7CCC2B172745007B70E1 /* FirebasePerformance in Frameworks */ = {isa = PBXBuildFile; productRef = 47BF7CCB2B172745007B70E1 /* FirebasePerformance */; };
		47BF7CCE2B172745007B70E1 /* FirebaseRemoteConfig in Frameworks */ = {isa = PBXBuildFile; productRef = 47BF7CCD2B172745007B70E1 /* FirebaseRemoteConfig */; };
		47BF7CD02B172745007B70E1 /* FirebaseRemoteConfigSwift in Frameworks */ = {isa = PBXBuildFile; productRef = 47BF7CCF2B172745007B70E1 /* FirebaseRemoteConfigSwift */; };
		47BF7CD22B172745007B70E1 /* FirebaseStorage in Frameworks */ = {isa = PBXBuildFile; productRef = 47BF7CD12B172745007B70E1 /* FirebaseStorage */; };
		47BF7CD42B172745007B70E1 /* FirebaseStorageCombine-Community in Frameworks */ = {isa = PBXBuildFile; productRef = 47BF7CD32B172745007B70E1 /* FirebaseStorageCombine-Community */; };
		47BF7CD72B172816007B70E1 /* GoogleSignIn in Frameworks */ = {isa = PBXBuildFile; productRef = 47BF7CD62B172816007B70E1 /* GoogleSignIn */; };
		47BF7CD92B172816007B70E1 /* GoogleSignInSwift in Frameworks */ = {isa = PBXBuildFile; productRef = 47BF7CD82B172816007B70E1 /* GoogleSignInSwift */; };
/* End PBXBuildFile section */

/* Begin PBXFileReference section */
		0574EB622D7DACA9735A8B46 /* Pods_PrayerCompanionIOS.framework */ = {isa = PBXFileReference; explicitFileType = wrapper.framework; includeInIndex = 0; path = Pods_PrayerCompanionIOS.framework; sourceTree = BUILT_PRODUCTS_DIR; };
		3D0CADC0A536EC43158390E1 /* Pods-PrayerCompanionIOS.release.xcconfig */ = {isa = PBXFileReference; includeInIndex = 1; lastKnownFileType = text.xcconfig; name = "Pods-PrayerCompanionIOS.release.xcconfig"; path = "Target Support Files/Pods-PrayerCompanionIOS/Pods-PrayerCompanionIOS.release.xcconfig"; sourceTree = "<group>"; };
		470051C32ACD6A1100C734E5 /* light.ttf */ = {isa = PBXFileReference; lastKnownFileType = file; name = light.ttf; path = ../../../app/src/main/res/font/light.ttf; sourceTree = "<group>"; };
		470051C42ACD6A1100C734E5 /* bold.ttf */ = {isa = PBXFileReference; lastKnownFileType = file; name = bold.ttf; path = ../../../app/src/main/res/font/bold.ttf; sourceTree = "<group>"; };
		470051C52ACD6A1100C734E5 /* extra_bold.ttf */ = {isa = PBXFileReference; lastKnownFileType = file; name = extra_bold.ttf; path = ../../../app/src/main/res/font/extra_bold.ttf; sourceTree = "<group>"; };
		470051C62ACD6A1100C734E5 /* regular.ttf */ = {isa = PBXFileReference; lastKnownFileType = file; name = regular.ttf; path = ../../../app/src/main/res/font/regular.ttf; sourceTree = "<group>"; };
		470051CB2ACD6B2500C734E5 /* Info.plist */ = {isa = PBXFileReference; lastKnownFileType = text.plist; path = Info.plist; sourceTree = "<group>"; };
		47369BF02ABC86FC00198035 /* shared */ = {isa = PBXFileReference; lastKnownFileType = folder; name = shared; path = ../shared; sourceTree = "<group>"; };
		473CF1312ABBF69F0040713A /* PrayerCompanionIOS.app */ = {isa = PBXFileReference; explicitFileType = wrapper.application; includeInIndex = 0; path = PrayerCompanionIOS.app; sourceTree = BUILT_PRODUCTS_DIR; };
		473CF1342ABBF69F0040713A /* PrayerCompanionIOSApp.swift */ = {isa = PBXFileReference; lastKnownFileType = sourcecode.swift; path = PrayerCompanionIOSApp.swift; sourceTree = "<group>"; xcLanguageSpecificationIdentifier = xcode.lang.xcfilelist; };
		473CF1362ABBF69F0040713A /* ContentView.swift */ = {isa = PBXFileReference; lastKnownFileType = sourcecode.swift; path = ContentView.swift; sourceTree = "<group>"; };
		473CF1382ABBF6A00040713A /* Assets.xcassets */ = {isa = PBXFileReference; lastKnownFileType = folder.assetcatalog; path = Assets.xcassets; sourceTree = "<group>"; };
		473CF13A2ABBF6A00040713A /* PrayerCompanionIOS.entitlements */ = {isa = PBXFileReference; lastKnownFileType = text.plist.entitlements; path = PrayerCompanionIOS.entitlements; sourceTree = "<group>"; };
		473CF13C2ABBF6A00040713A /* Preview Assets.xcassets */ = {isa = PBXFileReference; lastKnownFileType = folder.assetcatalog; path = "Preview Assets.xcassets"; sourceTree = "<group>"; };
		473FC9A32B0EAA1900BEE28E /* GoogleService-Info.plist */ = {isa = PBXFileReference; fileEncoding = 4; lastKnownFileType = text.plist.xml; path = "GoogleService-Info.plist"; sourceTree = "<group>"; };
		47BF7C8D2B16F442007B70E1 /* GoogleSignIn.framework */ = {isa = PBXFileReference; explicitFileType = wrapper.framework; path = GoogleSignIn.framework; sourceTree = BUILT_PRODUCTS_DIR; };
		A8406506E5B058567B45EBE3 /* Pods-PrayerCompanionIOS.debug.xcconfig */ = {isa = PBXFileReference; includeInIndex = 1; lastKnownFileType = text.xcconfig; name = "Pods-PrayerCompanionIOS.debug.xcconfig"; path = "Target Support Files/Pods-PrayerCompanionIOS/Pods-PrayerCompanionIOS.debug.xcconfig"; sourceTree = "<group>"; };
/* End PBXFileReference section */

/* Begin PBXFrameworksBuildPhase section */
		473CF12E2ABBF69F0040713A /* Frameworks */ = {
			isa = PBXFrameworksBuildPhase;
			buildActionMask = 2147483647;
			files = (
				47BF7CBE2B172745007B70E1 /* FirebaseFunctions in Frameworks */,
				47BF7CB42B172745007B70E1 /* FirebaseDatabaseSwift in Frameworks */,
				47BF7CC42B172745007B70E1 /* FirebaseInAppMessagingSwift-Beta in Frameworks */,
				47BF7CCA2B172745007B70E1 /* FirebaseMessaging in Frameworks */,
				47BF7CAA2B172745007B70E1 /* FirebaseAppDistribution-Beta in Frameworks */,
				47BF7CAE2B172745007B70E1 /* FirebaseAuthCombine-Community in Frameworks */,
				47BF7CBA2B172745007B70E1 /* FirebaseFirestoreCombine-Community in Frameworks */,
				47BF7CA42B172745007B70E1 /* FirebaseAnalyticsSwift in Frameworks */,
				475B0EBD2B3863DE00444C8D /* FirebaseAnalytics in Frameworks */,
				47BF7CC82B172745007B70E1 /* FirebaseMLModelDownloader in Frameworks */,
				47BF7CD72B172816007B70E1 /* GoogleSignIn in Frameworks */,
				47BF7CA62B172745007B70E1 /* FirebaseAnalyticsWithoutAdIdSupport in Frameworks */,
				47BF7CBC2B172745007B70E1 /* FirebaseFirestoreSwift in Frameworks */,
				47BF7CA22B172745007B70E1 /* FirebaseAnalyticsOnDeviceConversion in Frameworks */,
				47BF7CA82B172745007B70E1 /* FirebaseAppCheck in Frameworks */,
				47BF7CD92B172816007B70E1 /* GoogleSignInSwift in Frameworks */,
				47BF7CCC2B172745007B70E1 /* FirebasePerformance in Frameworks */,
				47BF7CC22B172745007B70E1 /* FirebaseInAppMessaging-Beta in Frameworks */,
				47BF7CC02B172745007B70E1 /* FirebaseFunctionsCombine-Community in Frameworks */,
				47BF7CB02B172745007B70E1 /* FirebaseCrashlytics in Frameworks */,
				47BF7CC62B172745007B70E1 /* FirebaseInstallations in Frameworks */,
				47BF7CCE2B172745007B70E1 /* FirebaseRemoteConfig in Frameworks */,
				47BF7CD22B172745007B70E1 /* FirebaseStorage in Frameworks */,
				47BF7CB22B172745007B70E1 /* FirebaseDatabase in Frameworks */,
				47BF7CD42B172745007B70E1 /* FirebaseStorageCombine-Community in Frameworks */,
				47BF7CAC2B172745007B70E1 /* FirebaseAuth in Frameworks */,
				47BF7CB62B172745007B70E1 /* FirebaseDynamicLinks in Frameworks */,
				47BF7CB82B172745007B70E1 /* FirebaseFirestore in Frameworks */,
				47BF7CD02B172745007B70E1 /* FirebaseRemoteConfigSwift in Frameworks */,
				0B3B7EE546A0FECCE06DC238 /* Pods_PrayerCompanionIOS.framework in Frameworks */,
			);
			runOnlyForDeploymentPostprocessing = 0;
		};
/* End PBXFrameworksBuildPhase section */

/* Begin PBXGroup section */
		470051BE2ACD69D300C734E5 /* Fonts */ = {
			isa = PBXGroup;
			children = (
				470051C42ACD6A1100C734E5 /* bold.ttf */,
				470051C52ACD6A1100C734E5 /* extra_bold.ttf */,
				470051C32ACD6A1100C734E5 /* light.ttf */,
				470051C62ACD6A1100C734E5 /* regular.ttf */,
			);
			path = Fonts;
			sourceTree = "<group>";
		};
		473CF1282ABBF69F0040713A = {
			isa = PBXGroup;
			children = (
				47369BF02ABC86FC00198035 /* shared */,
				473CF1332ABBF69F0040713A /* PrayerCompanionIOS */,
				473CF1322ABBF69F0040713A /* Products */,
				FDF1A77859AD91BDB7A85656 /* Pods */,
				94F00CBA53BC6B9B14F21577 /* Frameworks */,
			);
			sourceTree = "<group>";
		};
		473CF1322ABBF69F0040713A /* Products */ = {
			isa = PBXGroup;
			children = (
				473CF1312ABBF69F0040713A /* PrayerCompanionIOS.app */,
			);
			name = Products;
			sourceTree = "<group>";
		};
		473CF1332ABBF69F0040713A /* PrayerCompanionIOS */ = {
			isa = PBXGroup;
			children = (
				473FC9A32B0EAA1900BEE28E /* GoogleService-Info.plist */,
				470051CB2ACD6B2500C734E5 /* Info.plist */,
				470051BE2ACD69D300C734E5 /* Fonts */,
				473CF1342ABBF69F0040713A /* PrayerCompanionIOSApp.swift */,
				473CF1362ABBF69F0040713A /* ContentView.swift */,
				473CF1382ABBF6A00040713A /* Assets.xcassets */,
				473CF13A2ABBF6A00040713A /* PrayerCompanionIOS.entitlements */,
				473CF13B2ABBF6A00040713A /* Preview Content */,
			);
			path = PrayerCompanionIOS;
			sourceTree = "<group>";
		};
		473CF13B2ABBF6A00040713A /* Preview Content */ = {
			isa = PBXGroup;
			children = (
				473CF13C2ABBF6A00040713A /* Preview Assets.xcassets */,
			);
			path = "Preview Content";
			sourceTree = "<group>";
		};
		94F00CBA53BC6B9B14F21577 /* Frameworks */ = {
			isa = PBXGroup;
			children = (
				47BF7C8D2B16F442007B70E1 /* GoogleSignIn.framework */,
				0574EB622D7DACA9735A8B46 /* Pods_PrayerCompanionIOS.framework */,
			);
			name = Frameworks;
			sourceTree = "<group>";
		};
		FDF1A77859AD91BDB7A85656 /* Pods */ = {
			isa = PBXGroup;
			children = (
				A8406506E5B058567B45EBE3 /* Pods-PrayerCompanionIOS.debug.xcconfig */,
				3D0CADC0A536EC43158390E1 /* Pods-PrayerCompanionIOS.release.xcconfig */,
			);
			path = Pods;
			sourceTree = "<group>";
		};
/* End PBXGroup section */

/* Begin PBXNativeTarget section */
		473CF1302ABBF69F0040713A /* PrayerCompanionIOS */ = {
			isa = PBXNativeTarget;
			buildConfigurationList = 473CF1402ABBF6A00040713A /* Build configuration list for PBXNativeTarget "PrayerCompanionIOS" */;
			buildPhases = (
				D010582D4281AF4408C55C6F /* [CP] Check Pods Manifest.lock */,
				473CF1432ABBF7120040713A /* ShellScript */,
				473CF12D2ABBF69F0040713A /* Sources */,
				473CF12E2ABBF69F0040713A /* Frameworks */,
				473CF12F2ABBF69F0040713A /* Resources */,
				BFE85E6FCB972FF00B806231 /* [CP] Embed Pods Frameworks */,
			);
			buildRules = (
			);
			dependencies = (
			);
			name = PrayerCompanionIOS;
			packageProductDependencies = (
				47BF7CA12B172745007B70E1 /* FirebaseAnalyticsOnDeviceConversion */,
				47BF7CA32B172745007B70E1 /* FirebaseAnalyticsSwift */,
				47BF7CA52B172745007B70E1 /* FirebaseAnalyticsWithoutAdIdSupport */,
				47BF7CA72B172745007B70E1 /* FirebaseAppCheck */,
				47BF7CA92B172745007B70E1 /* FirebaseAppDistribution-Beta */,
				47BF7CAB2B172745007B70E1 /* FirebaseAuth */,
				47BF7CAD2B172745007B70E1 /* FirebaseAuthCombine-Community */,
				47BF7CAF2B172745007B70E1 /* FirebaseCrashlytics */,
				47BF7CB12B172745007B70E1 /* FirebaseDatabase */,
				47BF7CB32B172745007B70E1 /* FirebaseDatabaseSwift */,
				47BF7CB52B172745007B70E1 /* FirebaseDynamicLinks */,
				47BF7CB72B172745007B70E1 /* FirebaseFirestore */,
				47BF7CB92B172745007B70E1 /* FirebaseFirestoreCombine-Community */,
				47BF7CBB2B172745007B70E1 /* FirebaseFirestoreSwift */,
				47BF7CBD2B172745007B70E1 /* FirebaseFunctions */,
				47BF7CBF2B172745007B70E1 /* FirebaseFunctionsCombine-Community */,
				47BF7CC12B172745007B70E1 /* FirebaseInAppMessaging-Beta */,
				47BF7CC32B172745007B70E1 /* FirebaseInAppMessagingSwift-Beta */,
				47BF7CC52B172745007B70E1 /* FirebaseInstallations */,
				47BF7CC72B172745007B70E1 /* FirebaseMLModelDownloader */,
				47BF7CC92B172745007B70E1 /* FirebaseMessaging */,
				47BF7CCB2B172745007B70E1 /* FirebasePerformance */,
				47BF7CCD2B172745007B70E1 /* FirebaseRemoteConfig */,
				47BF7CCF2B172745007B70E1 /* FirebaseRemoteConfigSwift */,
				47BF7CD12B172745007B70E1 /* FirebaseStorage */,
				47BF7CD32B172745007B70E1 /* FirebaseStorageCombine-Community */,
				47BF7CD62B172816007B70E1 /* GoogleSignIn */,
				47BF7CD82B172816007B70E1 /* GoogleSignInSwift */,
				475B0EBC2B3863DE00444C8D /* FirebaseAnalytics */,
			);
			productName = PrayerCompanionIOS;
			productReference = 473CF1312ABBF69F0040713A /* PrayerCompanionIOS.app */;
			productType = "com.apple.product-type.application";
		};
/* End PBXNativeTarget section */

/* Begin PBXProject section */
		473CF1292ABBF69F0040713A /* Project object */ = {
			isa = PBXProject;
			attributes = {
				BuildIndependentTargetsInParallel = 1;
				LastSwiftUpdateCheck = 1500;
				LastUpgradeCheck = 1500;
				TargetAttributes = {
					473CF1302ABBF69F0040713A = {
						CreatedOnToolsVersion = 15.0;
					};
				};
			};
			buildConfigurationList = 473CF12C2ABBF69F0040713A /* Build configuration list for PBXProject "PrayerCompanionIOS" */;
			compatibilityVersion = "Xcode 14.0";
			developmentRegion = en;
			hasScannedForEncodings = 0;
			knownRegions = (
				en,
				Base,
				ar,
			);
			mainGroup = 473CF1282ABBF69F0040713A;
			packageReferences = (
				47BF7C9E2B172745007B70E1 /* XCRemoteSwiftPackageReference "firebase-ios-sdk" */,
				47BF7CD52B172816007B70E1 /* XCRemoteSwiftPackageReference "GoogleSignIn-iOS" */,
			);
			productRefGroup = 473CF1322ABBF69F0040713A /* Products */;
			projectDirPath = "";
			projectRoot = "";
			targets = (
				473CF1302ABBF69F0040713A /* PrayerCompanionIOS */,
			);
		};
/* End PBXProject section */

/* Begin PBXResourcesBuildPhase section */
		473CF12F2ABBF69F0040713A /* Resources */ = {
			isa = PBXResourcesBuildPhase;
			buildActionMask = 2147483647;
			files = (
				473CF13D2ABBF6A00040713A /* Preview Assets.xcassets in Resources */,
				470051CA2ACD6A1100C734E5 /* regular.ttf in Resources */,
				473FC9A42B0EAA1900BEE28E /* GoogleService-Info.plist in Resources */,
				470051C72ACD6A1100C734E5 /* light.ttf in Resources */,
				47369BF12ABC86FC00198035 /* shared in Resources */,
				473CF1392ABBF6A00040713A /* Assets.xcassets in Resources */,
				470051C92ACD6A1100C734E5 /* extra_bold.ttf in Resources */,
				470051C82ACD6A1100C734E5 /* bold.ttf in Resources */,
			);
			runOnlyForDeploymentPostprocessing = 0;
		};
/* End PBXResourcesBuildPhase section */

/* Begin PBXShellScriptBuildPhase section */
		473CF1432ABBF7120040713A /* ShellScript */ = {
			isa = PBXShellScriptBuildPhase;
			buildActionMask = 2147483647;
			files = (
			);
			inputFileListPaths = (
			);
			inputPaths = (
			);
			outputFileListPaths = (
			);
			outputPaths = (
			);
			runOnlyForDeploymentPostprocessing = 0;
			shellPath = /bin/sh;
			shellScript = "cd \"$SRCROOT/..\"\n./gradlew :shared:embedAndSignAppleFrameworkForXcode\n";
		};
		BFE85E6FCB972FF00B806231 /* [CP] Embed Pods Frameworks */ = {
			isa = PBXShellScriptBuildPhase;
			buildActionMask = 2147483647;
			files = (
			);
			inputFileListPaths = (
				"${PODS_ROOT}/Target Support Files/Pods-PrayerCompanionIOS/Pods-PrayerCompanionIOS-frameworks-${CONFIGURATION}-input-files.xcfilelist",
			);
			name = "[CP] Embed Pods Frameworks";
			outputFileListPaths = (
				"${PODS_ROOT}/Target Support Files/Pods-PrayerCompanionIOS/Pods-PrayerCompanionIOS-frameworks-${CONFIGURATION}-output-files.xcfilelist",
			);
			runOnlyForDeploymentPostprocessing = 0;
			shellPath = /bin/sh;
			shellScript = "\"${PODS_ROOT}/Target Support Files/Pods-PrayerCompanionIOS/Pods-PrayerCompanionIOS-frameworks.sh\"\n";
			showEnvVarsInLog = 0;
		};
		D010582D4281AF4408C55C6F /* [CP] Check Pods Manifest.lock */ = {
			isa = PBXShellScriptBuildPhase;
			buildActionMask = 2147483647;
			files = (
			);
			inputFileListPaths = (
			);
			inputPaths = (
				"${PODS_PODFILE_DIR_PATH}/Podfile.lock",
				"${PODS_ROOT}/Manifest.lock",
			);
			name = "[CP] Check Pods Manifest.lock";
			outputFileListPaths = (
			);
			outputPaths = (
				"$(DERIVED_FILE_DIR)/Pods-PrayerCompanionIOS-checkManifestLockResult.txt",
			);
			runOnlyForDeploymentPostprocessing = 0;
			shellPath = /bin/sh;
			shellScript = "diff \"${PODS_PODFILE_DIR_PATH}/Podfile.lock\" \"${PODS_ROOT}/Manifest.lock\" > /dev/null\nif [ $? != 0 ] ; then\n    # print error to STDERR\n    echo \"error: The sandbox is not in sync with the Podfile.lock. Run 'pod install' or update your CocoaPods installation.\" >&2\n    exit 1\nfi\n# This output is used by Xcode 'outputs' to avoid re-running this script phase.\necho \"SUCCESS\" > \"${SCRIPT_OUTPUT_FILE_0}\"\n";
			showEnvVarsInLog = 0;
		};
/* End PBXShellScriptBuildPhase section */

/* Begin PBXSourcesBuildPhase section */
		473CF12D2ABBF69F0040713A /* Sources */ = {
			isa = PBXSourcesBuildPhase;
			buildActionMask = 2147483647;
			files = (
				473CF1372ABBF69F0040713A /* ContentView.swift in Sources */,
				473CF1352ABBF69F0040713A /* PrayerCompanionIOSApp.swift in Sources */,
			);
			runOnlyForDeploymentPostprocessing = 0;
		};
/* End PBXSourcesBuildPhase section */

/* Begin XCBuildConfiguration section */
		473CF13E2ABBF6A00040713A /* Debug */ = {
			isa = XCBuildConfiguration;
			buildSettings = {
				ALWAYS_SEARCH_USER_PATHS = NO;
				ASSETCATALOG_COMPILER_GENERATE_SWIFT_ASSET_SYMBOL_EXTENSIONS = YES;
				CLANG_ANALYZER_NONNULL = YES;
				CLANG_ANALYZER_NUMBER_OBJECT_CONVERSION = YES_AGGRESSIVE;
				CLANG_CXX_LANGUAGE_STANDARD = "gnu++20";
				CLANG_ENABLE_MODULES = YES;
				CLANG_ENABLE_OBJC_ARC = YES;
				CLANG_ENABLE_OBJC_WEAK = YES;
				CLANG_WARN_BLOCK_CAPTURE_AUTORELEASING = YES;
				CLANG_WARN_BOOL_CONVERSION = YES;
				CLANG_WARN_COMMA = YES;
				CLANG_WARN_CONSTANT_CONVERSION = YES;
				CLANG_WARN_DEPRECATED_OBJC_IMPLEMENTATIONS = YES;
				CLANG_WARN_DIRECT_OBJC_ISA_USAGE = YES_ERROR;
				CLANG_WARN_DOCUMENTATION_COMMENTS = YES;
				CLANG_WARN_EMPTY_BODY = YES;
				CLANG_WARN_ENUM_CONVERSION = YES;
				CLANG_WARN_INFINITE_RECURSION = YES;
				CLANG_WARN_INT_CONVERSION = YES;
				CLANG_WARN_NON_LITERAL_NULL_CONVERSION = YES;
				CLANG_WARN_OBJC_IMPLICIT_RETAIN_SELF = YES;
				CLANG_WARN_OBJC_LITERAL_CONVERSION = YES;
				CLANG_WARN_OBJC_ROOT_CLASS = YES_ERROR;
				CLANG_WARN_QUOTED_INCLUDE_IN_FRAMEWORK_HEADER = YES;
				CLANG_WARN_RANGE_LOOP_ANALYSIS = YES;
				CLANG_WARN_STRICT_PROTOTYPES = YES;
				CLANG_WARN_SUSPICIOUS_MOVE = YES;
				CLANG_WARN_UNGUARDED_AVAILABILITY = YES_AGGRESSIVE;
				CLANG_WARN_UNREACHABLE_CODE = YES;
				CLANG_WARN__DUPLICATE_METHOD_MATCH = YES;
				COPY_PHASE_STRIP = NO;
				DEBUG_INFORMATION_FORMAT = dwarf;
				ENABLE_STRICT_OBJC_MSGSEND = YES;
				ENABLE_TESTABILITY = YES;
				ENABLE_USER_SCRIPT_SANDBOXING = YES;
				GCC_C_LANGUAGE_STANDARD = gnu17;
				GCC_DYNAMIC_NO_PIC = NO;
				GCC_NO_COMMON_BLOCKS = YES;
				GCC_OPTIMIZATION_LEVEL = 0;
				GCC_PREPROCESSOR_DEFINITIONS = (
					"DEBUG=1",
					"$(inherited)",
				);
				GCC_WARN_64_TO_32_BIT_CONVERSION = YES;
				GCC_WARN_ABOUT_RETURN_TYPE = YES_ERROR;
				GCC_WARN_UNDECLARED_SELECTOR = YES;
				GCC_WARN_UNINITIALIZED_AUTOS = YES_AGGRESSIVE;
				GCC_WARN_UNUSED_FUNCTION = YES;
				GCC_WARN_UNUSED_VARIABLE = YES;
				IPHONEOS_DEPLOYMENT_TARGET = 15.0;
				LOCALIZATION_PREFERS_STRING_CATALOGS = YES;
				MTL_ENABLE_DEBUG_INFO = INCLUDE_SOURCE;
				MTL_FAST_MATH = YES;
				ONLY_ACTIVE_ARCH = YES;
				SWIFT_ACTIVE_COMPILATION_CONDITIONS = "DEBUG $(inherited)";
				SWIFT_OPTIMIZATION_LEVEL = "-Onone";
			};
			name = Debug;
		};
		473CF13F2ABBF6A00040713A /* Release */ = {
			isa = XCBuildConfiguration;
			buildSettings = {
				ALWAYS_SEARCH_USER_PATHS = NO;
				ASSETCATALOG_COMPILER_GENERATE_SWIFT_ASSET_SYMBOL_EXTENSIONS = YES;
				CLANG_ANALYZER_NONNULL = YES;
				CLANG_ANALYZER_NUMBER_OBJECT_CONVERSION = YES_AGGRESSIVE;
				CLANG_CXX_LANGUAGE_STANDARD = "gnu++20";
				CLANG_ENABLE_MODULES = YES;
				CLANG_ENABLE_OBJC_ARC = YES;
				CLANG_ENABLE_OBJC_WEAK = YES;
				CLANG_WARN_BLOCK_CAPTURE_AUTORELEASING = YES;
				CLANG_WARN_BOOL_CONVERSION = YES;
				CLANG_WARN_COMMA = YES;
				CLANG_WARN_CONSTANT_CONVERSION = YES;
				CLANG_WARN_DEPRECATED_OBJC_IMPLEMENTATIONS = YES;
				CLANG_WARN_DIRECT_OBJC_ISA_USAGE = YES_ERROR;
				CLANG_WARN_DOCUMENTATION_COMMENTS = YES;
				CLANG_WARN_EMPTY_BODY = YES;
				CLANG_WARN_ENUM_CONVERSION = YES;
				CLANG_WARN_INFINITE_RECURSION = YES;
				CLANG_WARN_INT_CONVERSION = YES;
				CLANG_WARN_NON_LITERAL_NULL_CONVERSION = YES;
				CLANG_WARN_OBJC_IMPLICIT_RETAIN_SELF = YES;
				CLANG_WARN_OBJC_LITERAL_CONVERSION = YES;
				CLANG_WARN_OBJC_ROOT_CLASS = YES_ERROR;
				CLANG_WARN_QUOTED_INCLUDE_IN_FRAMEWORK_HEADER = YES;
				CLANG_WARN_RANGE_LOOP_ANALYSIS = YES;
				CLANG_WARN_STRICT_PROTOTYPES = YES;
				CLANG_WARN_SUSPICIOUS_MOVE = YES;
				CLANG_WARN_UNGUARDED_AVAILABILITY = YES_AGGRESSIVE;
				CLANG_WARN_UNREACHABLE_CODE = YES;
				CLANG_WARN__DUPLICATE_METHOD_MATCH = YES;
				COPY_PHASE_STRIP = NO;
				DEBUG_INFORMATION_FORMAT = "dwarf-with-dsym";
				ENABLE_NS_ASSERTIONS = NO;
				ENABLE_STRICT_OBJC_MSGSEND = YES;
				ENABLE_USER_SCRIPT_SANDBOXING = YES;
				GCC_C_LANGUAGE_STANDARD = gnu17;
				GCC_NO_COMMON_BLOCKS = YES;
				GCC_WARN_64_TO_32_BIT_CONVERSION = YES;
				GCC_WARN_ABOUT_RETURN_TYPE = YES_ERROR;
				GCC_WARN_UNDECLARED_SELECTOR = YES;
				GCC_WARN_UNINITIALIZED_AUTOS = YES_AGGRESSIVE;
				GCC_WARN_UNUSED_FUNCTION = YES;
				GCC_WARN_UNUSED_VARIABLE = YES;
				IPHONEOS_DEPLOYMENT_TARGET = 15.0;
				LOCALIZATION_PREFERS_STRING_CATALOGS = YES;
				MTL_ENABLE_DEBUG_INFO = NO;
				MTL_FAST_MATH = YES;
				SWIFT_COMPILATION_MODE = wholemodule;
			};
			name = Release;
		};
		473CF1412ABBF6A00040713A /* Debug */ = {
			isa = XCBuildConfiguration;
			baseConfigurationReference = A8406506E5B058567B45EBE3 /* Pods-PrayerCompanionIOS.debug.xcconfig */;
			buildSettings = {
				ASSETCATALOG_COMPILER_APPICON_NAME = AppIcon;
				ASSETCATALOG_COMPILER_GLOBAL_ACCENT_COLOR_NAME = AccentColor;
				CODE_SIGN_ENTITLEMENTS = PrayerCompanionIOS/PrayerCompanionIOS.entitlements;
				CODE_SIGN_STYLE = Automatic;
				CURRENT_PROJECT_VERSION = 1;
				DEVELOPMENT_ASSET_PATHS = "\"PrayerCompanionIOS/Preview Content\"";
				DEVELOPMENT_TEAM = FX43F85G2C;
				ENABLE_PREVIEWS = YES;
				ENABLE_USER_SCRIPT_SANDBOXING = NO;
				FRAMEWORK_SEARCH_PATHS = "$(SRCROOT)/../shared/build/xcode-frameworks/$(CONFIGURATION)/$(SDK_NAME)";
				GENERATE_INFOPLIST_FILE = YES;
				INFOPLIST_FILE = PrayerCompanionIOS/Info.plist;
				INFOPLIST_KEY_NSLocationWhenInUseUsageDescription = "Location permission is required";
				"INFOPLIST_KEY_UIApplicationSceneManifest_Generation[sdk=iphoneos*]" = YES;
				"INFOPLIST_KEY_UIApplicationSceneManifest_Generation[sdk=iphonesimulator*]" = YES;
				"INFOPLIST_KEY_UIApplicationSupportsIndirectInputEvents[sdk=iphoneos*]" = YES;
				"INFOPLIST_KEY_UIApplicationSupportsIndirectInputEvents[sdk=iphonesimulator*]" = YES;
				"INFOPLIST_KEY_UILaunchScreen_Generation[sdk=iphoneos*]" = YES;
				"INFOPLIST_KEY_UILaunchScreen_Generation[sdk=iphonesimulator*]" = YES;
				"INFOPLIST_KEY_UIStatusBarStyle[sdk=iphoneos*]" = UIStatusBarStyleDefault;
				"INFOPLIST_KEY_UIStatusBarStyle[sdk=iphonesimulator*]" = UIStatusBarStyleDefault;
				INFOPLIST_KEY_UISupportedInterfaceOrientations_iPad = "UIInterfaceOrientationPortrait UIInterfaceOrientationPortraitUpsideDown UIInterfaceOrientationLandscapeLeft UIInterfaceOrientationLandscapeRight";
				INFOPLIST_KEY_UISupportedInterfaceOrientations_iPhone = "UIInterfaceOrientationPortrait UIInterfaceOrientationLandscapeLeft UIInterfaceOrientationLandscapeRight";
				IPHONEOS_DEPLOYMENT_TARGET = 15.0;
				LD_RUNPATH_SEARCH_PATHS = "@executable_path/Frameworks";
				"LD_RUNPATH_SEARCH_PATHS[sdk=macosx*]" = "@executable_path/../Frameworks";
				MACOSX_DEPLOYMENT_TARGET = 13.5;
				MARKETING_VERSION = 1.0;
				OTHER_LDFLAGS = "-fprofile-instr-generate";
				PRODUCT_BUNDLE_IDENTIFIER = "com.prayer-companion.PrayerCompanionIOS";
				PRODUCT_NAME = "$(TARGET_NAME)";
				SDKROOT = auto;
				SUPPORTED_PLATFORMS = "iphoneos iphonesimulator";
				SUPPORTS_MACCATALYST = NO;
				SWIFT_EMIT_LOC_STRINGS = YES;
				SWIFT_VERSION = 5.0;
				TARGETED_DEVICE_FAMILY = "1,2";
			};
			name = Debug;
		};
		473CF1422ABBF6A00040713A /* Release */ = {
			isa = XCBuildConfiguration;
			baseConfigurationReference = 3D0CADC0A536EC43158390E1 /* Pods-PrayerCompanionIOS.release.xcconfig */;
			buildSettings = {
				ASSETCATALOG_COMPILER_APPICON_NAME = AppIcon;
				ASSETCATALOG_COMPILER_GLOBAL_ACCENT_COLOR_NAME = AccentColor;
				CODE_SIGN_ENTITLEMENTS = PrayerCompanionIOS/PrayerCompanionIOS.entitlements;
				CODE_SIGN_STYLE = Automatic;
				CURRENT_PROJECT_VERSION = 1;
				DEVELOPMENT_ASSET_PATHS = "\"PrayerCompanionIOS/Preview Content\"";
				DEVELOPMENT_TEAM = FX43F85G2C;
				ENABLE_PREVIEWS = YES;
				ENABLE_USER_SCRIPT_SANDBOXING = NO;
				FRAMEWORK_SEARCH_PATHS = "$(SRCROOT)/../shared/build/xcode-frameworks/$(CONFIGURATION)/$(SDK_NAME)";
				GENERATE_INFOPLIST_FILE = YES;
				INFOPLIST_FILE = PrayerCompanionIOS/Info.plist;
				INFOPLIST_KEY_NSLocationWhenInUseUsageDescription = "Location permission is required";
				"INFOPLIST_KEY_UIApplicationSceneManifest_Generation[sdk=iphoneos*]" = YES;
				"INFOPLIST_KEY_UIApplicationSceneManifest_Generation[sdk=iphonesimulator*]" = YES;
				"INFOPLIST_KEY_UIApplicationSupportsIndirectInputEvents[sdk=iphoneos*]" = YES;
				"INFOPLIST_KEY_UIApplicationSupportsIndirectInputEvents[sdk=iphonesimulator*]" = YES;
				"INFOPLIST_KEY_UILaunchScreen_Generation[sdk=iphoneos*]" = YES;
				"INFOPLIST_KEY_UILaunchScreen_Generation[sdk=iphonesimulator*]" = YES;
				"INFOPLIST_KEY_UIStatusBarStyle[sdk=iphoneos*]" = UIStatusBarStyleDefault;
				"INFOPLIST_KEY_UIStatusBarStyle[sdk=iphonesimulator*]" = UIStatusBarStyleDefault;
				INFOPLIST_KEY_UISupportedInterfaceOrientations_iPad = "UIInterfaceOrientationPortrait UIInterfaceOrientationPortraitUpsideDown UIInterfaceOrientationLandscapeLeft UIInterfaceOrientationLandscapeRight";
				INFOPLIST_KEY_UISupportedInterfaceOrientations_iPhone = "UIInterfaceOrientationPortrait UIInterfaceOrientationLandscapeLeft UIInterfaceOrientationLandscapeRight";
				IPHONEOS_DEPLOYMENT_TARGET = 15.0;
				LD_RUNPATH_SEARCH_PATHS = "@executable_path/Frameworks";
				"LD_RUNPATH_SEARCH_PATHS[sdk=macosx*]" = "@executable_path/../Frameworks";
				MACOSX_DEPLOYMENT_TARGET = 13.5;
				MARKETING_VERSION = 1.0;
				OTHER_LDFLAGS = "-fprofile-instr-generate";
				PRODUCT_BUNDLE_IDENTIFIER = "com.prayer-companion.PrayerCompanionIOS";
				PRODUCT_NAME = "$(TARGET_NAME)";
				SDKROOT = auto;
				SUPPORTED_PLATFORMS = "iphoneos iphonesimulator";
				SUPPORTS_MACCATALYST = NO;
				SWIFT_EMIT_LOC_STRINGS = YES;
				SWIFT_VERSION = 5.0;
				TARGETED_DEVICE_FAMILY = "1,2";
			};
			name = Release;
		};
/* End XCBuildConfiguration section */

/* Begin XCConfigurationList section */
		473CF12C2ABBF69F0040713A /* Build configuration list for PBXProject "PrayerCompanionIOS" */ = {
			isa = XCConfigurationList;
			buildConfigurations = (
				473CF13E2ABBF6A00040713A /* Debug */,
				473CF13F2ABBF6A00040713A /* Release */,
			);
			defaultConfigurationIsVisible = 0;
			defaultConfigurationName = Release;
		};
		473CF1402ABBF6A00040713A /* Build configuration list for PBXNativeTarget "PrayerCompanionIOS" */ = {
			isa = XCConfigurationList;
			buildConfigurations = (
				473CF1412ABBF6A00040713A /* Debug */,
				473CF1422ABBF6A00040713A /* Release */,
			);
			defaultConfigurationIsVisible = 0;
			defaultConfigurationName = Release;
		};
/* End XCConfigurationList section */

/* Begin XCRemoteSwiftPackageReference section */
		47BF7C9E2B172745007B70E1 /* XCRemoteSwiftPackageReference "firebase-ios-sdk" */ = {
			isa = XCRemoteSwiftPackageReference;
			repositoryURL = "https://github.com/firebase/firebase-ios-sdk.git";
			requirement = {
				kind = upToNextMajorVersion;
				minimumVersion = 10.18.0;
			};
		};
		47BF7CD52B172816007B70E1 /* XCRemoteSwiftPackageReference "GoogleSignIn-iOS" */ = {
			isa = XCRemoteSwiftPackageReference;
			repositoryURL = "https://github.com/google/GoogleSignIn-iOS";
			requirement = {
				kind = upToNextMajorVersion;
				minimumVersion = 7.0.0;
			};
		};
/* End XCRemoteSwiftPackageReference section */

/* Begin XCSwiftPackageProductDependency section */
		475B0EBC2B3863DE00444C8D /* FirebaseAnalytics */ = {
			isa = XCSwiftPackageProductDependency;
			package = 47BF7C9E2B172745007B70E1 /* XCRemoteSwiftPackageReference "firebase-ios-sdk" */;
			productName = FirebaseAnalytics;
		};
		47BF7CA12B172745007B70E1 /* FirebaseAnalyticsOnDeviceConversion */ = {
			isa = XCSwiftPackageProductDependency;
			package = 47BF7C9E2B172745007B70E1 /* XCRemoteSwiftPackageReference "firebase-ios-sdk" */;
			productName = FirebaseAnalyticsOnDeviceConversion;
		};
		47BF7CA32B172745007B70E1 /* FirebaseAnalyticsSwift */ = {
			isa = XCSwiftPackageProductDependency;
			package = 47BF7C9E2B172745007B70E1 /* XCRemoteSwiftPackageReference "firebase-ios-sdk" */;
			productName = FirebaseAnalyticsSwift;
		};
		47BF7CA52B172745007B70E1 /* FirebaseAnalyticsWithoutAdIdSupport */ = {
			isa = XCSwiftPackageProductDependency;
			package = 47BF7C9E2B172745007B70E1 /* XCRemoteSwiftPackageReference "firebase-ios-sdk" */;
			productName = FirebaseAnalyticsWithoutAdIdSupport;
		};
		47BF7CA72B172745007B70E1 /* FirebaseAppCheck */ = {
			isa = XCSwiftPackageProductDependency;
			package = 47BF7C9E2B172745007B70E1 /* XCRemoteSwiftPackageReference "firebase-ios-sdk" */;
			productName = FirebaseAppCheck;
		};
		47BF7CA92B172745007B70E1 /* FirebaseAppDistribution-Beta */ = {
			isa = XCSwiftPackageProductDependency;
			package = 47BF7C9E2B172745007B70E1 /* XCRemoteSwiftPackageReference "firebase-ios-sdk" */;
			productName = "FirebaseAppDistribution-Beta";
		};
		47BF7CAB2B172745007B70E1 /* FirebaseAuth */ = {
			isa = XCSwiftPackageProductDependency;
			package = 47BF7C9E2B172745007B70E1 /* XCRemoteSwiftPackageReference "firebase-ios-sdk" */;
			productName = FirebaseAuth;
		};
		47BF7CAD2B172745007B70E1 /* FirebaseAuthCombine-Community */ = {
			isa = XCSwiftPackageProductDependency;
			package = 47BF7C9E2B172745007B70E1 /* XCRemoteSwiftPackageReference "firebase-ios-sdk" */;
			productName = "FirebaseAuthCombine-Community";
		};
		47BF7CAF2B172745007B70E1 /* FirebaseCrashlytics */ = {
			isa = XCSwiftPackageProductDependency;
			package = 47BF7C9E2B172745007B70E1 /* XCRemoteSwiftPackageReference "firebase-ios-sdk" */;
			productName = FirebaseCrashlytics;
		};
		47BF7CB12B172745007B70E1 /* FirebaseDatabase */ = {
			isa = XCSwiftPackageProductDependency;
			package = 47BF7C9E2B172745007B70E1 /* XCRemoteSwiftPackageReference "firebase-ios-sdk" */;
			productName = FirebaseDatabase;
		};
		47BF7CB32B172745007B70E1 /* FirebaseDatabaseSwift */ = {
			isa = XCSwiftPackageProductDependency;
			package = 47BF7C9E2B172745007B70E1 /* XCRemoteSwiftPackageReference "firebase-ios-sdk" */;
			productName = FirebaseDatabaseSwift;
		};
		47BF7CB52B172745007B70E1 /* FirebaseDynamicLinks */ = {
			isa = XCSwiftPackageProductDependency;
			package = 47BF7C9E2B172745007B70E1 /* XCRemoteSwiftPackageReference "firebase-ios-sdk" */;
			productName = FirebaseDynamicLinks;
		};
		47BF7CB72B172745007B70E1 /* FirebaseFirestore */ = {
			isa = XCSwiftPackageProductDependency;
			package = 47BF7C9E2B172745007B70E1 /* XCRemoteSwiftPackageReference "firebase-ios-sdk" */;
			productName = FirebaseFirestore;
		};
		47BF7CB92B172745007B70E1 /* FirebaseFirestoreCombine-Community */ = {
			isa = XCSwiftPackageProductDependency;
			package = 47BF7C9E2B172745007B70E1 /* XCRemoteSwiftPackageReference "firebase-ios-sdk" */;
			productName = "FirebaseFirestoreCombine-Community";
		};
		47BF7CBB2B172745007B70E1 /* FirebaseFirestoreSwift */ = {
			isa = XCSwiftPackageProductDependency;
			package = 47BF7C9E2B172745007B70E1 /* XCRemoteSwiftPackageReference "firebase-ios-sdk" */;
			productName = FirebaseFirestoreSwift;
		};
		47BF7CBD2B172745007B70E1 /* FirebaseFunctions */ = {
			isa = XCSwiftPackageProductDependency;
			package = 47BF7C9E2B172745007B70E1 /* XCRemoteSwiftPackageReference "firebase-ios-sdk" */;
			productName = FirebaseFunctions;
		};
		47BF7CBF2B172745007B70E1 /* FirebaseFunctionsCombine-Community */ = {
			isa = XCSwiftPackageProductDependency;
			package = 47BF7C9E2B172745007B70E1 /* XCRemoteSwiftPackageReference "firebase-ios-sdk" */;
			productName = "FirebaseFunctionsCombine-Community";
		};
		47BF7CC12B172745007B70E1 /* FirebaseInAppMessaging-Beta */ = {
			isa = XCSwiftPackageProductDependency;
			package = 47BF7C9E2B172745007B70E1 /* XCRemoteSwiftPackageReference "firebase-ios-sdk" */;
			productName = "FirebaseInAppMessaging-Beta";
		};
		47BF7CC32B172745007B70E1 /* FirebaseInAppMessagingSwift-Beta */ = {
			isa = XCSwiftPackageProductDependency;
			package = 47BF7C9E2B172745007B70E1 /* XCRemoteSwiftPackageReference "firebase-ios-sdk" */;
			productName = "FirebaseInAppMessagingSwift-Beta";
		};
		47BF7CC52B172745007B70E1 /* FirebaseInstallations */ = {
			isa = XCSwiftPackageProductDependency;
			package = 47BF7C9E2B172745007B70E1 /* XCRemoteSwiftPackageReference "firebase-ios-sdk" */;
			productName = FirebaseInstallations;
		};
		47BF7CC72B172745007B70E1 /* FirebaseMLModelDownloader */ = {
			isa = XCSwiftPackageProductDependency;
			package = 47BF7C9E2B172745007B70E1 /* XCRemoteSwiftPackageReference "firebase-ios-sdk" */;
			productName = FirebaseMLModelDownloader;
		};
		47BF7CC92B172745007B70E1 /* FirebaseMessaging */ = {
			isa = XCSwiftPackageProductDependency;
			package = 47BF7C9E2B172745007B70E1 /* XCRemoteSwiftPackageReference "firebase-ios-sdk" */;
			productName = FirebaseMessaging;
		};
		47BF7CCB2B172745007B70E1 /* FirebasePerformance */ = {
			isa = XCSwiftPackageProductDependency;
			package = 47BF7C9E2B172745007B70E1 /* XCRemoteSwiftPackageReference "firebase-ios-sdk" */;
			productName = FirebasePerformance;
		};
		47BF7CCD2B172745007B70E1 /* FirebaseRemoteConfig */ = {
			isa = XCSwiftPackageProductDependency;
			package = 47BF7C9E2B172745007B70E1 /* XCRemoteSwiftPackageReference "firebase-ios-sdk" */;
			productName = FirebaseRemoteConfig;
		};
		47BF7CCF2B172745007B70E1 /* FirebaseRemoteConfigSwift */ = {
			isa = XCSwiftPackageProductDependency;
			package = 47BF7C9E2B172745007B70E1 /* XCRemoteSwiftPackageReference "firebase-ios-sdk" */;
			productName = FirebaseRemoteConfigSwift;
		};
		47BF7CD12B172745007B70E1 /* FirebaseStorage */ = {
			isa = XCSwiftPackageProductDependency;
			package = 47BF7C9E2B172745007B70E1 /* XCRemoteSwiftPackageReference "firebase-ios-sdk" */;
			productName = FirebaseStorage;
		};
		47BF7CD32B172745007B70E1 /* FirebaseStorageCombine-Community */ = {
			isa = XCSwiftPackageProductDependency;
			package = 47BF7C9E2B172745007B70E1 /* XCRemoteSwiftPackageReference "firebase-ios-sdk" */;
			productName = "FirebaseStorageCombine-Community";
		};
		47BF7CD62B172816007B70E1 /* GoogleSignIn */ = {
			isa = XCSwiftPackageProductDependency;
			package = 47BF7CD52B172816007B70E1 /* XCRemoteSwiftPackageReference "GoogleSignIn-iOS" */;
			productName = GoogleSignIn;
		};
		47BF7CD82B172816007B70E1 /* GoogleSignInSwift */ = {
			isa = XCSwiftPackageProductDependency;
			package = 47BF7CD52B172816007B70E1 /* XCRemoteSwiftPackageReference "GoogleSignIn-iOS" */;
			productName = GoogleSignInSwift;
		};
/* End XCSwiftPackageProductDependency section */
	};
	rootObject = 473CF1292ABBF69F0040713A /* Project object */;
}
