// !$*UTF8*$!
{
	archiveVersion = 1;
	classes = {
	};
	objectVersion = 56;
	objects = {

/* Begin PBXBuildFile section */
		470051C72ACD6A1100C734E5 /* light.ttf in Resources */ = {isa = PBXBuildFile; fileRef = 470051C32ACD6A1100C734E5 /* light.ttf */; };
		470051C82ACD6A1100C734E5 /* bold.ttf in Resources */ = {isa = PBXBuildFile; fileRef = 470051C42ACD6A1100C734E5 /* bold.ttf */; };
		470051C92ACD6A1100C734E5 /* extra_bold.ttf in Resources */ = {isa = PBXBuildFile; fileRef = 470051C52ACD6A1100C734E5 /* extra_bold.ttf */; };
		470051CA2ACD6A1100C734E5 /* regular.ttf in Resources */ = {isa = PBXBuildFile; fileRef = 470051C62ACD6A1100C734E5 /* regular.ttf */; };
		47369BF12ABC86FC00198035 /* shared in Resources */ = {isa = PBXBuildFile; fileRef = 47369BF02ABC86FC00198035 /* shared */; };
		473CF1352ABBF69F0040713A /* PrayerCompanionIOSApp.swift in Sources */ = {isa = PBXBuildFile; fileRef = 473CF1342ABBF69F0040713A /* PrayerCompanionIOSApp.swift */; };
		473CF1372ABBF69F0040713A /* ContentView.swift in Sources */ = {isa = PBXBuildFile; fileRef = 473CF1362ABBF69F0040713A /* ContentView.swift */; };
		473CF1392ABBF6A00040713A /* Assets.xcassets in Resources */ = {isa = PBXBuildFile; fileRef = 473CF1382ABBF6A00040713A /* Assets.xcassets */; };
		473CF13D2ABBF6A00040713A /* Preview Assets.xcassets in Resources */ = {isa = PBXBuildFile; fileRef = 473CF13C2ABBF6A00040713A /* Preview Assets.xcassets */; };
		473FC9A42B0EAA1900BEE28E /* GoogleService-Info.plist in Resources */ = {isa = PBXBuildFile; fileRef = 473FC9A32B0EAA1900BEE28E /* GoogleService-Info.plist */; };
		475ABA202B0CF71E00CBD6A2 /* FirebaseAnalytics in Frameworks */ = {isa = PBXBuildFile; productRef = 475ABA1F2B0CF71E00CBD6A2 /* FirebaseAnalytics */; };
		475ABA222B0CF71E00CBD6A2 /* FirebaseAnalyticsOnDeviceConversion in Frameworks */ = {isa = PBXBuildFile; productRef = 475ABA212B0CF71E00CBD6A2 /* FirebaseAnalyticsOnDeviceConversion */; };
		475ABA242B0CF71E00CBD6A2 /* FirebaseAnalyticsSwift in Frameworks */ = {isa = PBXBuildFile; productRef = 475ABA232B0CF71E00CBD6A2 /* FirebaseAnalyticsSwift */; };
		475ABA262B0CF71E00CBD6A2 /* FirebaseAnalyticsWithoutAdIdSupport in Frameworks */ = {isa = PBXBuildFile; productRef = 475ABA252B0CF71E00CBD6A2 /* FirebaseAnalyticsWithoutAdIdSupport */; };
		475ABA282B0CF71E00CBD6A2 /* FirebaseAppCheck in Frameworks */ = {isa = PBXBuildFile; productRef = 475ABA272B0CF71E00CBD6A2 /* FirebaseAppCheck */; };
		475ABA2A2B0CF71E00CBD6A2 /* FirebaseAppDistribution-Beta in Frameworks */ = {isa = PBXBuildFile; productRef = 475ABA292B0CF71E00CBD6A2 /* FirebaseAppDistribution-Beta */; };
		475ABA2C2B0CF71E00CBD6A2 /* FirebaseAuth in Frameworks */ = {isa = PBXBuildFile; productRef = 475ABA2B2B0CF71E00CBD6A2 /* FirebaseAuth */; };
		475ABA2E2B0CF71E00CBD6A2 /* FirebaseAuthCombine-Community in Frameworks */ = {isa = PBXBuildFile; productRef = 475ABA2D2B0CF71E00CBD6A2 /* FirebaseAuthCombine-Community */; };
		475ABA302B0CF71E00CBD6A2 /* FirebaseCrashlytics in Frameworks */ = {isa = PBXBuildFile; productRef = 475ABA2F2B0CF71E00CBD6A2 /* FirebaseCrashlytics */; };
		475ABA322B0CF71E00CBD6A2 /* FirebaseDatabase in Frameworks */ = {isa = PBXBuildFile; productRef = 475ABA312B0CF71E00CBD6A2 /* FirebaseDatabase */; };
		475ABA342B0CF71E00CBD6A2 /* FirebaseDatabaseSwift in Frameworks */ = {isa = PBXBuildFile; productRef = 475ABA332B0CF71E00CBD6A2 /* FirebaseDatabaseSwift */; };
		475ABA362B0CF71E00CBD6A2 /* FirebaseDynamicLinks in Frameworks */ = {isa = PBXBuildFile; productRef = 475ABA352B0CF71E00CBD6A2 /* FirebaseDynamicLinks */; };
		475ABA382B0CF71E00CBD6A2 /* FirebaseFirestore in Frameworks */ = {isa = PBXBuildFile; productRef = 475ABA372B0CF71E00CBD6A2 /* FirebaseFirestore */; };
		475ABA3A2B0CF71E00CBD6A2 /* FirebaseFirestoreCombine-Community in Frameworks */ = {isa = PBXBuildFile; productRef = 475ABA392B0CF71E00CBD6A2 /* FirebaseFirestoreCombine-Community */; };
		475ABA3C2B0CF71E00CBD6A2 /* FirebaseFirestoreSwift in Frameworks */ = {isa = PBXBuildFile; productRef = 475ABA3B2B0CF71E00CBD6A2 /* FirebaseFirestoreSwift */; };
		475ABA3E2B0CF71E00CBD6A2 /* FirebaseFunctions in Frameworks */ = {isa = PBXBuildFile; productRef = 475ABA3D2B0CF71E00CBD6A2 /* FirebaseFunctions */; };
		475ABA402B0CF71E00CBD6A2 /* FirebaseFunctionsCombine-Community in Frameworks */ = {isa = PBXBuildFile; productRef = 475ABA3F2B0CF71E00CBD6A2 /* FirebaseFunctionsCombine-Community */; };
		475ABA422B0CF71E00CBD6A2 /* FirebaseInAppMessaging-Beta in Frameworks */ = {isa = PBXBuildFile; productRef = 475ABA412B0CF71E00CBD6A2 /* FirebaseInAppMessaging-Beta */; };
		475ABA442B0CF71E00CBD6A2 /* FirebaseInAppMessagingSwift-Beta in Frameworks */ = {isa = PBXBuildFile; productRef = 475ABA432B0CF71E00CBD6A2 /* FirebaseInAppMessagingSwift-Beta */; };
		475ABA462B0CF71E00CBD6A2 /* FirebaseInstallations in Frameworks */ = {isa = PBXBuildFile; productRef = 475ABA452B0CF71E00CBD6A2 /* FirebaseInstallations */; };
		475ABA482B0CF71E00CBD6A2 /* FirebaseMLModelDownloader in Frameworks */ = {isa = PBXBuildFile; productRef = 475ABA472B0CF71E00CBD6A2 /* FirebaseMLModelDownloader */; };
		475ABA4A2B0CF71E00CBD6A2 /* FirebaseMessaging in Frameworks */ = {isa = PBXBuildFile; productRef = 475ABA492B0CF71E00CBD6A2 /* FirebaseMessaging */; };
		475ABA4C2B0CF71E00CBD6A2 /* FirebasePerformance in Frameworks */ = {isa = PBXBuildFile; productRef = 475ABA4B2B0CF71E00CBD6A2 /* FirebasePerformance */; };
		475ABA4E2B0CF71E00CBD6A2 /* FirebaseRemoteConfig in Frameworks */ = {isa = PBXBuildFile; productRef = 475ABA4D2B0CF71E00CBD6A2 /* FirebaseRemoteConfig */; };
		475ABA502B0CF71E00CBD6A2 /* FirebaseRemoteConfigSwift in Frameworks */ = {isa = PBXBuildFile; productRef = 475ABA4F2B0CF71E00CBD6A2 /* FirebaseRemoteConfigSwift */; };
		475ABA522B0CF71E00CBD6A2 /* FirebaseStorage in Frameworks */ = {isa = PBXBuildFile; productRef = 475ABA512B0CF71E00CBD6A2 /* FirebaseStorage */; };
		475ABA542B0CF71E00CBD6A2 /* FirebaseStorageCombine-Community in Frameworks */ = {isa = PBXBuildFile; productRef = 475ABA532B0CF71E00CBD6A2 /* FirebaseStorageCombine-Community */; };
		47769A942B0AB51100FC8610 /* KMPNativeCoroutinesAsync in Frameworks */ = {isa = PBXBuildFile; productRef = 47769A932B0AB51100FC8610 /* KMPNativeCoroutinesAsync */; };
		47769A962B0AB51100FC8610 /* KMPNativeCoroutinesCombine in Frameworks */ = {isa = PBXBuildFile; productRef = 47769A952B0AB51100FC8610 /* KMPNativeCoroutinesCombine */; };
		47769A982B0AB51100FC8610 /* KMPNativeCoroutinesCore in Frameworks */ = {isa = PBXBuildFile; productRef = 47769A972B0AB51100FC8610 /* KMPNativeCoroutinesCore */; };
		47769A9A2B0AB51100FC8610 /* KMPNativeCoroutinesRxSwift in Frameworks */ = {isa = PBXBuildFile; productRef = 47769A992B0AB51100FC8610 /* KMPNativeCoroutinesRxSwift */; };
		47769A9D2B0AB6E300FC8610 /* KMMViewModelCore in Frameworks */ = {isa = PBXBuildFile; productRef = 47769A9C2B0AB6E300FC8610 /* KMMViewModelCore */; };
		47769A9F2B0AB6E300FC8610 /* KMMViewModelSwiftUI in Frameworks */ = {isa = PBXBuildFile; productRef = 47769A9E2B0AB6E300FC8610 /* KMMViewModelSwiftUI */; };
		47769AA72B0B608D00FC8610 /* KMMViewModelCore in Frameworks */ = {isa = PBXBuildFile; productRef = 47769AA62B0B608D00FC8610 /* KMMViewModelCore */; };
		47769AA92B0B608D00FC8610 /* KMMViewModelSwiftUI in Frameworks */ = {isa = PBXBuildFile; productRef = 47769AA82B0B608D00FC8610 /* KMMViewModelSwiftUI */; };
		47D244792ACC3D2300AA463C /* Localizable.xcstrings in Resources */ = {isa = PBXBuildFile; fileRef = 47D244782ACC3D2300AA463C /* Localizable.xcstrings */; };
/* End PBXBuildFile section */

/* Begin PBXFileReference section */
		470051C32ACD6A1100C734E5 /* light.ttf */ = {isa = PBXFileReference; lastKnownFileType = file; name = light.ttf; path = ../../../app/src/main/res/font/light.ttf; sourceTree = "<group>"; };
		470051C42ACD6A1100C734E5 /* bold.ttf */ = {isa = PBXFileReference; lastKnownFileType = file; name = bold.ttf; path = ../../../app/src/main/res/font/bold.ttf; sourceTree = "<group>"; };
		470051C52ACD6A1100C734E5 /* extra_bold.ttf */ = {isa = PBXFileReference; lastKnownFileType = file; name = extra_bold.ttf; path = ../../../app/src/main/res/font/extra_bold.ttf; sourceTree = "<group>"; };
		470051C62ACD6A1100C734E5 /* regular.ttf */ = {isa = PBXFileReference; lastKnownFileType = file; name = regular.ttf; path = ../../../app/src/main/res/font/regular.ttf; sourceTree = "<group>"; };
		470051CB2ACD6B2500C734E5 /* Info.plist */ = {isa = PBXFileReference; lastKnownFileType = text.plist; path = Info.plist; sourceTree = "<group>"; };
		47369BF02ABC86FC00198035 /* shared */ = {isa = PBXFileReference; lastKnownFileType = folder; name = shared; path = ../shared; sourceTree = "<group>"; };
		473CF1312ABBF69F0040713A /* PrayerCompanionIOS.app */ = {isa = PBXFileReference; explicitFileType = wrapper.application; includeInIndex = 0; path = PrayerCompanionIOS.app; sourceTree = BUILT_PRODUCTS_DIR; };
		473CF1342ABBF69F0040713A /* PrayerCompanionIOSApp.swift */ = {isa = PBXFileReference; lastKnownFileType = sourcecode.swift; path = PrayerCompanionIOSApp.swift; sourceTree = "<group>"; };
		473CF1362ABBF69F0040713A /* ContentView.swift */ = {isa = PBXFileReference; lastKnownFileType = sourcecode.swift; path = ContentView.swift; sourceTree = "<group>"; };
		473CF1382ABBF6A00040713A /* Assets.xcassets */ = {isa = PBXFileReference; lastKnownFileType = folder.assetcatalog; path = Assets.xcassets; sourceTree = "<group>"; };
		473CF13A2ABBF6A00040713A /* PrayerCompanionIOS.entitlements */ = {isa = PBXFileReference; lastKnownFileType = text.plist.entitlements; path = PrayerCompanionIOS.entitlements; sourceTree = "<group>"; };
		473CF13C2ABBF6A00040713A /* Preview Assets.xcassets */ = {isa = PBXFileReference; lastKnownFileType = folder.assetcatalog; path = "Preview Assets.xcassets"; sourceTree = "<group>"; };
		473FC9A32B0EAA1900BEE28E /* GoogleService-Info.plist */ = {isa = PBXFileReference; fileEncoding = 4; lastKnownFileType = text.plist.xml; path = "GoogleService-Info.plist"; sourceTree = "<group>"; };
		47D244782ACC3D2300AA463C /* Localizable.xcstrings */ = {isa = PBXFileReference; lastKnownFileType = text.json.xcstrings; path = Localizable.xcstrings; sourceTree = "<group>"; };
/* End PBXFileReference section */

/* Begin PBXFrameworksBuildPhase section */
		473CF12E2ABBF69F0040713A /* Frameworks */ = {
			isa = PBXFrameworksBuildPhase;
			buildActionMask = 2147483647;
			files = (
				47769AA72B0B608D00FC8610 /* KMMViewModelCore in Frameworks */,
				475ABA2C2B0CF71E00CBD6A2 /* FirebaseAuth in Frameworks */,
				475ABA282B0CF71E00CBD6A2 /* FirebaseAppCheck in Frameworks */,
				475ABA3E2B0CF71E00CBD6A2 /* FirebaseFunctions in Frameworks */,
				47769A942B0AB51100FC8610 /* KMPNativeCoroutinesAsync in Frameworks */,
				47769A9F2B0AB6E300FC8610 /* KMMViewModelSwiftUI in Frameworks */,
				475ABA3A2B0CF71E00CBD6A2 /* FirebaseFirestoreCombine-Community in Frameworks */,
				475ABA242B0CF71E00CBD6A2 /* FirebaseAnalyticsSwift in Frameworks */,
				475ABA322B0CF71E00CBD6A2 /* FirebaseDatabase in Frameworks */,
				47769A962B0AB51100FC8610 /* KMPNativeCoroutinesCombine in Frameworks */,
				47769A982B0AB51100FC8610 /* KMPNativeCoroutinesCore in Frameworks */,
				475ABA2A2B0CF71E00CBD6A2 /* FirebaseAppDistribution-Beta in Frameworks */,
				475ABA4A2B0CF71E00CBD6A2 /* FirebaseMessaging in Frameworks */,
				475ABA482B0CF71E00CBD6A2 /* FirebaseMLModelDownloader in Frameworks */,
				475ABA4C2B0CF71E00CBD6A2 /* FirebasePerformance in Frameworks */,
				47769A9A2B0AB51100FC8610 /* KMPNativeCoroutinesRxSwift in Frameworks */,
				475ABA422B0CF71E00CBD6A2 /* FirebaseInAppMessaging-Beta in Frameworks */,
				475ABA402B0CF71E00CBD6A2 /* FirebaseFunctionsCombine-Community in Frameworks */,
				475ABA462B0CF71E00CBD6A2 /* FirebaseInstallations in Frameworks */,
				475ABA262B0CF71E00CBD6A2 /* FirebaseAnalyticsWithoutAdIdSupport in Frameworks */,
				47769A9D2B0AB6E300FC8610 /* KMMViewModelCore in Frameworks */,
				475ABA3C2B0CF71E00CBD6A2 /* FirebaseFirestoreSwift in Frameworks */,
				475ABA542B0CF71E00CBD6A2 /* FirebaseStorageCombine-Community in Frameworks */,
				475ABA342B0CF71E00CBD6A2 /* FirebaseDatabaseSwift in Frameworks */,
				475ABA4E2B0CF71E00CBD6A2 /* FirebaseRemoteConfig in Frameworks */,
				475ABA222B0CF71E00CBD6A2 /* FirebaseAnalyticsOnDeviceConversion in Frameworks */,
				475ABA302B0CF71E00CBD6A2 /* FirebaseCrashlytics in Frameworks */,
				47769AA92B0B608D00FC8610 /* KMMViewModelSwiftUI in Frameworks */,
				475ABA502B0CF71E00CBD6A2 /* FirebaseRemoteConfigSwift in Frameworks */,
				475ABA202B0CF71E00CBD6A2 /* FirebaseAnalytics in Frameworks */,
				475ABA522B0CF71E00CBD6A2 /* FirebaseStorage in Frameworks */,
				475ABA2E2B0CF71E00CBD6A2 /* FirebaseAuthCombine-Community in Frameworks */,
				475ABA362B0CF71E00CBD6A2 /* FirebaseDynamicLinks in Frameworks */,
				475ABA442B0CF71E00CBD6A2 /* FirebaseInAppMessagingSwift-Beta in Frameworks */,
				475ABA382B0CF71E00CBD6A2 /* FirebaseFirestore in Frameworks */,
			);
			runOnlyForDeploymentPostprocessing = 0;
		};
/* End PBXFrameworksBuildPhase section */

/* Begin PBXGroup section */
		470051BE2ACD69D300C734E5 /* Fonts */ = {
			isa = PBXGroup;
			children = (
				470051C42ACD6A1100C734E5 /* bold.ttf */,
				470051C52ACD6A1100C734E5 /* extra_bold.ttf */,
				470051C32ACD6A1100C734E5 /* light.ttf */,
				470051C62ACD6A1100C734E5 /* regular.ttf */,
			);
			path = Fonts;
			sourceTree = "<group>";
		};
		473CF1282ABBF69F0040713A = {
			isa = PBXGroup;
			children = (
				47369BF02ABC86FC00198035 /* shared */,
				473CF1332ABBF69F0040713A /* PrayerCompanionIOS */,
				473CF1322ABBF69F0040713A /* Products */,
			);
			sourceTree = "<group>";
		};
		473CF1322ABBF69F0040713A /* Products */ = {
			isa = PBXGroup;
			children = (
				473CF1312ABBF69F0040713A /* PrayerCompanionIOS.app */,
			);
			name = Products;
			sourceTree = "<group>";
		};
		473CF1332ABBF69F0040713A /* PrayerCompanionIOS */ = {
			isa = PBXGroup;
			children = (
				473FC9A32B0EAA1900BEE28E /* GoogleService-Info.plist */,
				470051CB2ACD6B2500C734E5 /* Info.plist */,
				470051BE2ACD69D300C734E5 /* Fonts */,
				47D244772ACC3D1100AA463C /* Localizables */,
				473CF1342ABBF69F0040713A /* PrayerCompanionIOSApp.swift */,
				473CF1362ABBF69F0040713A /* ContentView.swift */,
				473CF1382ABBF6A00040713A /* Assets.xcassets */,
				473CF13A2ABBF6A00040713A /* PrayerCompanionIOS.entitlements */,
				473CF13B2ABBF6A00040713A /* Preview Content */,
			);
			path = PrayerCompanionIOS;
			sourceTree = "<group>";
		};
		473CF13B2ABBF6A00040713A /* Preview Content */ = {
			isa = PBXGroup;
			children = (
				473CF13C2ABBF6A00040713A /* Preview Assets.xcassets */,
			);
			path = "Preview Content";
			sourceTree = "<group>";
		};
		47D244772ACC3D1100AA463C /* Localizables */ = {
			isa = PBXGroup;
			children = (
				47D244782ACC3D2300AA463C /* Localizable.xcstrings */,
			);
			path = Localizables;
			sourceTree = "<group>";
		};
/* End PBXGroup section */

/* Begin PBXNativeTarget section */
		473CF1302ABBF69F0040713A /* PrayerCompanionIOS */ = {
			isa = PBXNativeTarget;
			buildConfigurationList = 473CF1402ABBF6A00040713A /* Build configuration list for PBXNativeTarget "PrayerCompanionIOS" */;
			buildPhases = (
				473CF1432ABBF7120040713A /* ShellScript */,
				473CF12D2ABBF69F0040713A /* Sources */,
				473CF12E2ABBF69F0040713A /* Frameworks */,
				473CF12F2ABBF69F0040713A /* Resources */,
			);
			buildRules = (
			);
			dependencies = (
			);
			name = PrayerCompanionIOS;
			packageProductDependencies = (
				47769A932B0AB51100FC8610 /* KMPNativeCoroutinesAsync */,
				47769A952B0AB51100FC8610 /* KMPNativeCoroutinesCombine */,
				47769A972B0AB51100FC8610 /* KMPNativeCoroutinesCore */,
				47769A992B0AB51100FC8610 /* KMPNativeCoroutinesRxSwift */,
				47769A9C2B0AB6E300FC8610 /* KMMViewModelCore */,
				47769A9E2B0AB6E300FC8610 /* KMMViewModelSwiftUI */,
				47769AA62B0B608D00FC8610 /* KMMViewModelCore */,
				47769AA82B0B608D00FC8610 /* KMMViewModelSwiftUI */,
				475ABA1F2B0CF71E00CBD6A2 /* FirebaseAnalytics */,
				475ABA212B0CF71E00CBD6A2 /* FirebaseAnalyticsOnDeviceConversion */,
				475ABA232B0CF71E00CBD6A2 /* FirebaseAnalyticsSwift */,
				475ABA252B0CF71E00CBD6A2 /* FirebaseAnalyticsWithoutAdIdSupport */,
				475ABA272B0CF71E00CBD6A2 /* FirebaseAppCheck */,
				475ABA292B0CF71E00CBD6A2 /* FirebaseAppDistribution-Beta */,
				475ABA2B2B0CF71E00CBD6A2 /* FirebaseAuth */,
				475ABA2D2B0CF71E00CBD6A2 /* FirebaseAuthCombine-Community */,
				475ABA2F2B0CF71E00CBD6A2 /* FirebaseCrashlytics */,
				475ABA312B0CF71E00CBD6A2 /* FirebaseDatabase */,
				475ABA332B0CF71E00CBD6A2 /* FirebaseDatabaseSwift */,
				475ABA352B0CF71E00CBD6A2 /* FirebaseDynamicLinks */,
				475ABA372B0CF71E00CBD6A2 /* FirebaseFirestore */,
				475ABA392B0CF71E00CBD6A2 /* FirebaseFirestoreCombine-Community */,
				475ABA3B2B0CF71E00CBD6A2 /* FirebaseFirestoreSwift */,
				475ABA3D2B0CF71E00CBD6A2 /* FirebaseFunctions */,
				475ABA3F2B0CF71E00CBD6A2 /* FirebaseFunctionsCombine-Community */,
				475ABA412B0CF71E00CBD6A2 /* FirebaseInAppMessaging-Beta */,
				475ABA432B0CF71E00CBD6A2 /* FirebaseInAppMessagingSwift-Beta */,
				475ABA452B0CF71E00CBD6A2 /* FirebaseInstallations */,
				475ABA472B0CF71E00CBD6A2 /* FirebaseMLModelDownloader */,
				475ABA492B0CF71E00CBD6A2 /* FirebaseMessaging */,
				475ABA4B2B0CF71E00CBD6A2 /* FirebasePerformance */,
				475ABA4D2B0CF71E00CBD6A2 /* FirebaseRemoteConfig */,
				475ABA4F2B0CF71E00CBD6A2 /* FirebaseRemoteConfigSwift */,
				475ABA512B0CF71E00CBD6A2 /* FirebaseStorage */,
				475ABA532B0CF71E00CBD6A2 /* FirebaseStorageCombine-Community */,
			);
			productName = PrayerCompanionIOS;
			productReference = 473CF1312ABBF69F0040713A /* PrayerCompanionIOS.app */;
			productType = "com.apple.product-type.application";
		};
/* End PBXNativeTarget section */

/* Begin PBXProject section */
		473CF1292ABBF69F0040713A /* Project object */ = {
			isa = PBXProject;
			attributes = {
				BuildIndependentTargetsInParallel = 1;
				LastSwiftUpdateCheck = 1500;
				LastUpgradeCheck = 1500;
				TargetAttributes = {
					473CF1302ABBF69F0040713A = {
						CreatedOnToolsVersion = 15.0;
					};
				};
			};
			buildConfigurationList = 473CF12C2ABBF69F0040713A /* Build configuration list for PBXProject "PrayerCompanionIOS" */;
			compatibilityVersion = "Xcode 14.0";
			developmentRegion = en;
			hasScannedForEncodings = 0;
			knownRegions = (
				en,
				Base,
				ar,
			);
			mainGroup = 473CF1282ABBF69F0040713A;
			packageReferences = (
				47769A922B0AB51100FC8610 /* XCRemoteSwiftPackageReference "KMP-NativeCoroutines" */,
				47769A9B2B0AB6E300FC8610 /* XCRemoteSwiftPackageReference "KMM-ViewModel" */,
				475ABA1E2B0CF71D00CBD6A2 /* XCRemoteSwiftPackageReference "firebase-ios-sdk" */,
			);
			productRefGroup = 473CF1322ABBF69F0040713A /* Products */;
			projectDirPath = "";
			projectRoot = "";
			targets = (
				473CF1302ABBF69F0040713A /* PrayerCompanionIOS */,
			);
		};
/* End PBXProject section */

/* Begin PBXResourcesBuildPhase section */
		473CF12F2ABBF69F0040713A /* Resources */ = {
			isa = PBXResourcesBuildPhase;
			buildActionMask = 2147483647;
			files = (
				473CF13D2ABBF6A00040713A /* Preview Assets.xcassets in Resources */,
				470051CA2ACD6A1100C734E5 /* regular.ttf in Resources */,
				473FC9A42B0EAA1900BEE28E /* GoogleService-Info.plist in Resources */,
				470051C72ACD6A1100C734E5 /* light.ttf in Resources */,
				47369BF12ABC86FC00198035 /* shared in Resources */,
				47D244792ACC3D2300AA463C /* Localizable.xcstrings in Resources */,
				473CF1392ABBF6A00040713A /* Assets.xcassets in Resources */,
				470051C92ACD6A1100C734E5 /* extra_bold.ttf in Resources */,
				470051C82ACD6A1100C734E5 /* bold.ttf in Resources */,
			);
			runOnlyForDeploymentPostprocessing = 0;
		};
/* End PBXResourcesBuildPhase section */

/* Begin PBXShellScriptBuildPhase section */
		473CF1432ABBF7120040713A /* ShellScript */ = {
			isa = PBXShellScriptBuildPhase;
			buildActionMask = 2147483647;
			files = (
			);
			inputFileListPaths = (
			);
			inputPaths = (
			);
			outputFileListPaths = (
			);
			outputPaths = (
			);
			runOnlyForDeploymentPostprocessing = 0;
			shellPath = /bin/sh;
			shellScript = "cd \"$SRCROOT/..\"\n./gradlew :shared:embedAndSignAppleFrameworkForXcode\n";
		};
/* End PBXShellScriptBuildPhase section */

/* Begin PBXSourcesBuildPhase section */
		473CF12D2ABBF69F0040713A /* Sources */ = {
			isa = PBXSourcesBuildPhase;
			buildActionMask = 2147483647;
			files = (
				473CF1372ABBF69F0040713A /* ContentView.swift in Sources */,
				473CF1352ABBF69F0040713A /* PrayerCompanionIOSApp.swift in Sources */,
			);
			runOnlyForDeploymentPostprocessing = 0;
		};
/* End PBXSourcesBuildPhase section */

/* Begin XCBuildConfiguration section */
		473CF13E2ABBF6A00040713A /* Debug */ = {
			isa = XCBuildConfiguration;
			buildSettings = {
				ALWAYS_SEARCH_USER_PATHS = NO;
				ASSETCATALOG_COMPILER_GENERATE_SWIFT_ASSET_SYMBOL_EXTENSIONS = YES;
				CLANG_ANALYZER_NONNULL = YES;
				CLANG_ANALYZER_NUMBER_OBJECT_CONVERSION = YES_AGGRESSIVE;
				CLANG_CXX_LANGUAGE_STANDARD = "gnu++20";
				CLANG_ENABLE_MODULES = YES;
				CLANG_ENABLE_OBJC_ARC = YES;
				CLANG_ENABLE_OBJC_WEAK = YES;
				CLANG_WARN_BLOCK_CAPTURE_AUTORELEASING = YES;
				CLANG_WARN_BOOL_CONVERSION = YES;
				CLANG_WARN_COMMA = YES;
				CLANG_WARN_CONSTANT_CONVERSION = YES;
				CLANG_WARN_DEPRECATED_OBJC_IMPLEMENTATIONS = YES;
				CLANG_WARN_DIRECT_OBJC_ISA_USAGE = YES_ERROR;
				CLANG_WARN_DOCUMENTATION_COMMENTS = YES;
				CLANG_WARN_EMPTY_BODY = YES;
				CLANG_WARN_ENUM_CONVERSION = YES;
				CLANG_WARN_INFINITE_RECURSION = YES;
				CLANG_WARN_INT_CONVERSION = YES;
				CLANG_WARN_NON_LITERAL_NULL_CONVERSION = YES;
				CLANG_WARN_OBJC_IMPLICIT_RETAIN_SELF = YES;
				CLANG_WARN_OBJC_LITERAL_CONVERSION = YES;
				CLANG_WARN_OBJC_ROOT_CLASS = YES_ERROR;
				CLANG_WARN_QUOTED_INCLUDE_IN_FRAMEWORK_HEADER = YES;
				CLANG_WARN_RANGE_LOOP_ANALYSIS = YES;
				CLANG_WARN_STRICT_PROTOTYPES = YES;
				CLANG_WARN_SUSPICIOUS_MOVE = YES;
				CLANG_WARN_UNGUARDED_AVAILABILITY = YES_AGGRESSIVE;
				CLANG_WARN_UNREACHABLE_CODE = YES;
				CLANG_WARN__DUPLICATE_METHOD_MATCH = YES;
				COPY_PHASE_STRIP = NO;
				DEBUG_INFORMATION_FORMAT = dwarf;
				ENABLE_STRICT_OBJC_MSGSEND = YES;
				ENABLE_TESTABILITY = YES;
				ENABLE_USER_SCRIPT_SANDBOXING = YES;
				GCC_C_LANGUAGE_STANDARD = gnu17;
				GCC_DYNAMIC_NO_PIC = NO;
				GCC_NO_COMMON_BLOCKS = YES;
				GCC_OPTIMIZATION_LEVEL = 0;
				GCC_PREPROCESSOR_DEFINITIONS = (
					"DEBUG=1",
					"$(inherited)",
				);
				GCC_WARN_64_TO_32_BIT_CONVERSION = YES;
				GCC_WARN_ABOUT_RETURN_TYPE = YES_ERROR;
				GCC_WARN_UNDECLARED_SELECTOR = YES;
				GCC_WARN_UNINITIALIZED_AUTOS = YES_AGGRESSIVE;
				GCC_WARN_UNUSED_FUNCTION = YES;
				GCC_WARN_UNUSED_VARIABLE = YES;
				LOCALIZATION_PREFERS_STRING_CATALOGS = YES;
				MTL_ENABLE_DEBUG_INFO = INCLUDE_SOURCE;
				MTL_FAST_MATH = YES;
				ONLY_ACTIVE_ARCH = YES;
				SWIFT_ACTIVE_COMPILATION_CONDITIONS = "DEBUG $(inherited)";
				SWIFT_OPTIMIZATION_LEVEL = "-Onone";
			};
			name = Debug;
		};
		473CF13F2ABBF6A00040713A /* Release */ = {
			isa = XCBuildConfiguration;
			buildSettings = {
				ALWAYS_SEARCH_USER_PATHS = NO;
				ASSETCATALOG_COMPILER_GENERATE_SWIFT_ASSET_SYMBOL_EXTENSIONS = YES;
				CLANG_ANALYZER_NONNULL = YES;
				CLANG_ANALYZER_NUMBER_OBJECT_CONVERSION = YES_AGGRESSIVE;
				CLANG_CXX_LANGUAGE_STANDARD = "gnu++20";
				CLANG_ENABLE_MODULES = YES;
				CLANG_ENABLE_OBJC_ARC = YES;
				CLANG_ENABLE_OBJC_WEAK = YES;
				CLANG_WARN_BLOCK_CAPTURE_AUTORELEASING = YES;
				CLANG_WARN_BOOL_CONVERSION = YES;
				CLANG_WARN_COMMA = YES;
				CLANG_WARN_CONSTANT_CONVERSION = YES;
				CLANG_WARN_DEPRECATED_OBJC_IMPLEMENTATIONS = YES;
				CLANG_WARN_DIRECT_OBJC_ISA_USAGE = YES_ERROR;
				CLANG_WARN_DOCUMENTATION_COMMENTS = YES;
				CLANG_WARN_EMPTY_BODY = YES;
				CLANG_WARN_ENUM_CONVERSION = YES;
				CLANG_WARN_INFINITE_RECURSION = YES;
				CLANG_WARN_INT_CONVERSION = YES;
				CLANG_WARN_NON_LITERAL_NULL_CONVERSION = YES;
				CLANG_WARN_OBJC_IMPLICIT_RETAIN_SELF = YES;
				CLANG_WARN_OBJC_LITERAL_CONVERSION = YES;
				CLANG_WARN_OBJC_ROOT_CLASS = YES_ERROR;
				CLANG_WARN_QUOTED_INCLUDE_IN_FRAMEWORK_HEADER = YES;
				CLANG_WARN_RANGE_LOOP_ANALYSIS = YES;
				CLANG_WARN_STRICT_PROTOTYPES = YES;
				CLANG_WARN_SUSPICIOUS_MOVE = YES;
				CLANG_WARN_UNGUARDED_AVAILABILITY = YES_AGGRESSIVE;
				CLANG_WARN_UNREACHABLE_CODE = YES;
				CLANG_WARN__DUPLICATE_METHOD_MATCH = YES;
				COPY_PHASE_STRIP = NO;
				DEBUG_INFORMATION_FORMAT = "dwarf-with-dsym";
				ENABLE_NS_ASSERTIONS = NO;
				ENABLE_STRICT_OBJC_MSGSEND = YES;
				ENABLE_USER_SCRIPT_SANDBOXING = YES;
				GCC_C_LANGUAGE_STANDARD = gnu17;
				GCC_NO_COMMON_BLOCKS = YES;
				GCC_WARN_64_TO_32_BIT_CONVERSION = YES;
				GCC_WARN_ABOUT_RETURN_TYPE = YES_ERROR;
				GCC_WARN_UNDECLARED_SELECTOR = YES;
				GCC_WARN_UNINITIALIZED_AUTOS = YES_AGGRESSIVE;
				GCC_WARN_UNUSED_FUNCTION = YES;
				GCC_WARN_UNUSED_VARIABLE = YES;
				LOCALIZATION_PREFERS_STRING_CATALOGS = YES;
				MTL_ENABLE_DEBUG_INFO = NO;
				MTL_FAST_MATH = YES;
				SWIFT_COMPILATION_MODE = wholemodule;
			};
			name = Release;
		};
		473CF1412ABBF6A00040713A /* Debug */ = {
			isa = XCBuildConfiguration;
			buildSettings = {
				ASSETCATALOG_COMPILER_APPICON_NAME = AppIcon;
				ASSETCATALOG_COMPILER_GLOBAL_ACCENT_COLOR_NAME = AccentColor;
				CODE_SIGN_ENTITLEMENTS = PrayerCompanionIOS/PrayerCompanionIOS.entitlements;
				CODE_SIGN_STYLE = Automatic;
				CURRENT_PROJECT_VERSION = 1;
				DEVELOPMENT_ASSET_PATHS = "\"PrayerCompanionIOS/Preview Content\"";
				DEVELOPMENT_TEAM = FX43F85G2C;
				ENABLE_PREVIEWS = YES;
				ENABLE_USER_SCRIPT_SANDBOXING = NO;
				FRAMEWORK_SEARCH_PATHS = "$(SRCROOT)/../shared/build/xcode-frameworks/$(CONFIGURATION)/$(SDK_NAME)";
				GENERATE_INFOPLIST_FILE = YES;
				INFOPLIST_FILE = PrayerCompanionIOS/Info.plist;
				"INFOPLIST_KEY_UIApplicationSceneManifest_Generation[sdk=iphoneos*]" = YES;
				"INFOPLIST_KEY_UIApplicationSceneManifest_Generation[sdk=iphonesimulator*]" = YES;
				"INFOPLIST_KEY_UIApplicationSupportsIndirectInputEvents[sdk=iphoneos*]" = YES;
				"INFOPLIST_KEY_UIApplicationSupportsIndirectInputEvents[sdk=iphonesimulator*]" = YES;
				"INFOPLIST_KEY_UILaunchScreen_Generation[sdk=iphoneos*]" = YES;
				"INFOPLIST_KEY_UILaunchScreen_Generation[sdk=iphonesimulator*]" = YES;
				"INFOPLIST_KEY_UIStatusBarStyle[sdk=iphoneos*]" = UIStatusBarStyleDefault;
				"INFOPLIST_KEY_UIStatusBarStyle[sdk=iphonesimulator*]" = UIStatusBarStyleDefault;
				INFOPLIST_KEY_UISupportedInterfaceOrientations_iPad = "UIInterfaceOrientationPortrait UIInterfaceOrientationPortraitUpsideDown UIInterfaceOrientationLandscapeLeft UIInterfaceOrientationLandscapeRight";
				INFOPLIST_KEY_UISupportedInterfaceOrientations_iPhone = "UIInterfaceOrientationPortrait UIInterfaceOrientationLandscapeLeft UIInterfaceOrientationLandscapeRight";
				IPHONEOS_DEPLOYMENT_TARGET = 17.0;
				LD_RUNPATH_SEARCH_PATHS = "@executable_path/Frameworks";
				"LD_RUNPATH_SEARCH_PATHS[sdk=macosx*]" = "@executable_path/../Frameworks";
				MACOSX_DEPLOYMENT_TARGET = 13.5;
				MARKETING_VERSION = 1.0;
				OTHER_LDFLAGS = "";
				PRODUCT_BUNDLE_IDENTIFIER = "com.prayer-companion.PrayerCompanionIOS";
				PRODUCT_NAME = "$(TARGET_NAME)";
				SDKROOT = auto;
				SUPPORTED_PLATFORMS = "iphoneos iphonesimulator macosx";
				SWIFT_EMIT_LOC_STRINGS = YES;
				SWIFT_VERSION = 5.0;
				TARGETED_DEVICE_FAMILY = "1,2";
			};
			name = Debug;
		};
		473CF1422ABBF6A00040713A /* Release */ = {
			isa = XCBuildConfiguration;
			buildSettings = {
				ASSETCATALOG_COMPILER_APPICON_NAME = AppIcon;
				ASSETCATALOG_COMPILER_GLOBAL_ACCENT_COLOR_NAME = AccentColor;
				CODE_SIGN_ENTITLEMENTS = PrayerCompanionIOS/PrayerCompanionIOS.entitlements;
				CODE_SIGN_STYLE = Automatic;
				CURRENT_PROJECT_VERSION = 1;
				DEVELOPMENT_ASSET_PATHS = "\"PrayerCompanionIOS/Preview Content\"";
				DEVELOPMENT_TEAM = FX43F85G2C;
				ENABLE_PREVIEWS = YES;
				ENABLE_USER_SCRIPT_SANDBOXING = NO;
				FRAMEWORK_SEARCH_PATHS = "$(SRCROOT)/../shared/build/xcode-frameworks/$(CONFIGURATION)/$(SDK_NAME)";
				GENERATE_INFOPLIST_FILE = YES;
				INFOPLIST_FILE = PrayerCompanionIOS/Info.plist;
				"INFOPLIST_KEY_UIApplicationSceneManifest_Generation[sdk=iphoneos*]" = YES;
				"INFOPLIST_KEY_UIApplicationSceneManifest_Generation[sdk=iphonesimulator*]" = YES;
				"INFOPLIST_KEY_UIApplicationSupportsIndirectInputEvents[sdk=iphoneos*]" = YES;
				"INFOPLIST_KEY_UIApplicationSupportsIndirectInputEvents[sdk=iphonesimulator*]" = YES;
				"INFOPLIST_KEY_UILaunchScreen_Generation[sdk=iphoneos*]" = YES;
				"INFOPLIST_KEY_UILaunchScreen_Generation[sdk=iphonesimulator*]" = YES;
				"INFOPLIST_KEY_UIStatusBarStyle[sdk=iphoneos*]" = UIStatusBarStyleDefault;
				"INFOPLIST_KEY_UIStatusBarStyle[sdk=iphonesimulator*]" = UIStatusBarStyleDefault;
				INFOPLIST_KEY_UISupportedInterfaceOrientations_iPad = "UIInterfaceOrientationPortrait UIInterfaceOrientationPortraitUpsideDown UIInterfaceOrientationLandscapeLeft UIInterfaceOrientationLandscapeRight";
				INFOPLIST_KEY_UISupportedInterfaceOrientations_iPhone = "UIInterfaceOrientationPortrait UIInterfaceOrientationLandscapeLeft UIInterfaceOrientationLandscapeRight";
				IPHONEOS_DEPLOYMENT_TARGET = 17.0;
				LD_RUNPATH_SEARCH_PATHS = "@executable_path/Frameworks";
				"LD_RUNPATH_SEARCH_PATHS[sdk=macosx*]" = "@executable_path/../Frameworks";
				MACOSX_DEPLOYMENT_TARGET = 13.5;
				MARKETING_VERSION = 1.0;
				OTHER_LDFLAGS = "";
				PRODUCT_BUNDLE_IDENTIFIER = "com.prayer-companion.PrayerCompanionIOS";
				PRODUCT_NAME = "$(TARGET_NAME)";
				SDKROOT = auto;
				SUPPORTED_PLATFORMS = "iphoneos iphonesimulator macosx";
				SWIFT_EMIT_LOC_STRINGS = YES;
				SWIFT_VERSION = 5.0;
				TARGETED_DEVICE_FAMILY = "1,2";
			};
			name = Release;
		};
/* End XCBuildConfiguration section */

/* Begin XCConfigurationList section */
		473CF12C2ABBF69F0040713A /* Build configuration list for PBXProject "PrayerCompanionIOS" */ = {
			isa = XCConfigurationList;
			buildConfigurations = (
				473CF13E2ABBF6A00040713A /* Debug */,
				473CF13F2ABBF6A00040713A /* Release */,
			);
			defaultConfigurationIsVisible = 0;
			defaultConfigurationName = Release;
		};
		473CF1402ABBF6A00040713A /* Build configuration list for PBXNativeTarget "PrayerCompanionIOS" */ = {
			isa = XCConfigurationList;
			buildConfigurations = (
				473CF1412ABBF6A00040713A /* Debug */,
				473CF1422ABBF6A00040713A /* Release */,
			);
			defaultConfigurationIsVisible = 0;
			defaultConfigurationName = Release;
		};
/* End XCConfigurationList section */

/* Begin XCRemoteSwiftPackageReference section */
		475ABA1E2B0CF71D00CBD6A2 /* XCRemoteSwiftPackageReference "firebase-ios-sdk" */ = {
			isa = XCRemoteSwiftPackageReference;
			repositoryURL = "https://github.com/firebase/firebase-ios-sdk.git";
			requirement = {
				kind = upToNextMajorVersion;
				minimumVersion = 10.18.0;
			};
		};
		47769A922B0AB51100FC8610 /* XCRemoteSwiftPackageReference "KMP-NativeCoroutines" */ = {
			isa = XCRemoteSwiftPackageReference;
			repositoryURL = "https://github.com/rickclephas/KMP-NativeCoroutines.git";
			requirement = {
				branch = master;
				kind = branch;
			};
		};
		47769A9B2B0AB6E300FC8610 /* XCRemoteSwiftPackageReference "KMM-ViewModel" */ = {
			isa = XCRemoteSwiftPackageReference;
			repositoryURL = "https://github.com/rickclephas/KMM-ViewModel.git";
			requirement = {
				branch = master;
				kind = branch;
			};
		};
/* End XCRemoteSwiftPackageReference section */

/* Begin XCSwiftPackageProductDependency section */
		475ABA1F2B0CF71E00CBD6A2 /* FirebaseAnalytics */ = {
			isa = XCSwiftPackageProductDependency;
			package = 475ABA1E2B0CF71D00CBD6A2 /* XCRemoteSwiftPackageReference "firebase-ios-sdk" */;
			productName = FirebaseAnalytics;
		};
		475ABA212B0CF71E00CBD6A2 /* FirebaseAnalyticsOnDeviceConversion */ = {
			isa = XCSwiftPackageProductDependency;
			package = 475ABA1E2B0CF71D00CBD6A2 /* XCRemoteSwiftPackageReference "firebase-ios-sdk" */;
			productName = FirebaseAnalyticsOnDeviceConversion;
		};
		475ABA232B0CF71E00CBD6A2 /* FirebaseAnalyticsSwift */ = {
			isa = XCSwiftPackageProductDependency;
			package = 475ABA1E2B0CF71D00CBD6A2 /* XCRemoteSwiftPackageReference "firebase-ios-sdk" */;
			productName = FirebaseAnalyticsSwift;
		};
		475ABA252B0CF71E00CBD6A2 /* FirebaseAnalyticsWithoutAdIdSupport */ = {
			isa = XCSwiftPackageProductDependency;
			package = 475ABA1E2B0CF71D00CBD6A2 /* XCRemoteSwiftPackageReference "firebase-ios-sdk" */;
			productName = FirebaseAnalyticsWithoutAdIdSupport;
		};
		475ABA272B0CF71E00CBD6A2 /* FirebaseAppCheck */ = {
			isa = XCSwiftPackageProductDependency;
			package = 475ABA1E2B0CF71D00CBD6A2 /* XCRemoteSwiftPackageReference "firebase-ios-sdk" */;
			productName = FirebaseAppCheck;
		};
		475ABA292B0CF71E00CBD6A2 /* FirebaseAppDistribution-Beta */ = {
			isa = XCSwiftPackageProductDependency;
			package = 475ABA1E2B0CF71D00CBD6A2 /* XCRemoteSwiftPackageReference "firebase-ios-sdk" */;
			productName = "FirebaseAppDistribution-Beta";
		};
		475ABA2B2B0CF71E00CBD6A2 /* FirebaseAuth */ = {
			isa = XCSwiftPackageProductDependency;
			package = 475ABA1E2B0CF71D00CBD6A2 /* XCRemoteSwiftPackageReference "firebase-ios-sdk" */;
			productName = FirebaseAuth;
		};
		475ABA2D2B0CF71E00CBD6A2 /* FirebaseAuthCombine-Community */ = {
			isa = XCSwiftPackageProductDependency;
			package = 475ABA1E2B0CF71D00CBD6A2 /* XCRemoteSwiftPackageReference "firebase-ios-sdk" */;
			productName = "FirebaseAuthCombine-Community";
		};
		475ABA2F2B0CF71E00CBD6A2 /* FirebaseCrashlytics */ = {
			isa = XCSwiftPackageProductDependency;
			package = 475ABA1E2B0CF71D00CBD6A2 /* XCRemoteSwiftPackageReference "firebase-ios-sdk" */;
			productName = FirebaseCrashlytics;
		};
		475ABA312B0CF71E00CBD6A2 /* FirebaseDatabase */ = {
			isa = XCSwiftPackageProductDependency;
			package = 475ABA1E2B0CF71D00CBD6A2 /* XCRemoteSwiftPackageReference "firebase-ios-sdk" */;
			productName = FirebaseDatabase;
		};
		475ABA332B0CF71E00CBD6A2 /* FirebaseDatabaseSwift */ = {
			isa = XCSwiftPackageProductDependency;
			package = 475ABA1E2B0CF71D00CBD6A2 /* XCRemoteSwiftPackageReference "firebase-ios-sdk" */;
			productName = FirebaseDatabaseSwift;
		};
		475ABA352B0CF71E00CBD6A2 /* FirebaseDynamicLinks */ = {
			isa = XCSwiftPackageProductDependency;
			package = 475ABA1E2B0CF71D00CBD6A2 /* XCRemoteSwiftPackageReference "firebase-ios-sdk" */;
			productName = FirebaseDynamicLinks;
		};
		475ABA372B0CF71E00CBD6A2 /* FirebaseFirestore */ = {
			isa = XCSwiftPackageProductDependency;
			package = 475ABA1E2B0CF71D00CBD6A2 /* XCRemoteSwiftPackageReference "firebase-ios-sdk" */;
			productName = FirebaseFirestore;
		};
		475ABA392B0CF71E00CBD6A2 /* FirebaseFirestoreCombine-Community */ = {
			isa = XCSwiftPackageProductDependency;
			package = 475ABA1E2B0CF71D00CBD6A2 /* XCRemoteSwiftPackageReference "firebase-ios-sdk" */;
			productName = "FirebaseFirestoreCombine-Community";
		};
		475ABA3B2B0CF71E00CBD6A2 /* FirebaseFirestoreSwift */ = {
			isa = XCSwiftPackageProductDependency;
			package = 475ABA1E2B0CF71D00CBD6A2 /* XCRemoteSwiftPackageReference "firebase-ios-sdk" */;
			productName = FirebaseFirestoreSwift;
		};
		475ABA3D2B0CF71E00CBD6A2 /* FirebaseFunctions */ = {
			isa = XCSwiftPackageProductDependency;
			package = 475ABA1E2B0CF71D00CBD6A2 /* XCRemoteSwiftPackageReference "firebase-ios-sdk" */;
			productName = FirebaseFunctions;
		};
		475ABA3F2B0CF71E00CBD6A2 /* FirebaseFunctionsCombine-Community */ = {
			isa = XCSwiftPackageProductDependency;
			package = 475ABA1E2B0CF71D00CBD6A2 /* XCRemoteSwiftPackageReference "firebase-ios-sdk" */;
			productName = "FirebaseFunctionsCombine-Community";
		};
		475ABA412B0CF71E00CBD6A2 /* FirebaseInAppMessaging-Beta */ = {
			isa = XCSwiftPackageProductDependency;
			package = 475ABA1E2B0CF71D00CBD6A2 /* XCRemoteSwiftPackageReference "firebase-ios-sdk" */;
			productName = "FirebaseInAppMessaging-Beta";
		};
		475ABA432B0CF71E00CBD6A2 /* FirebaseInAppMessagingSwift-Beta */ = {
			isa = XCSwiftPackageProductDependency;
			package = 475ABA1E2B0CF71D00CBD6A2 /* XCRemoteSwiftPackageReference "firebase-ios-sdk" */;
			productName = "FirebaseInAppMessagingSwift-Beta";
		};
		475ABA452B0CF71E00CBD6A2 /* FirebaseInstallations */ = {
			isa = XCSwiftPackageProductDependency;
			package = 475ABA1E2B0CF71D00CBD6A2 /* XCRemoteSwiftPackageReference "firebase-ios-sdk" */;
			productName = FirebaseInstallations;
		};
		475ABA472B0CF71E00CBD6A2 /* FirebaseMLModelDownloader */ = {
			isa = XCSwiftPackageProductDependency;
			package = 475ABA1E2B0CF71D00CBD6A2 /* XCRemoteSwiftPackageReference "firebase-ios-sdk" */;
			productName = FirebaseMLModelDownloader;
		};
		475ABA492B0CF71E00CBD6A2 /* FirebaseMessaging */ = {
			isa = XCSwiftPackageProductDependency;
			package = 475ABA1E2B0CF71D00CBD6A2 /* XCRemoteSwiftPackageReference "firebase-ios-sdk" */;
			productName = FirebaseMessaging;
		};
		475ABA4B2B0CF71E00CBD6A2 /* FirebasePerformance */ = {
			isa = XCSwiftPackageProductDependency;
			package = 475ABA1E2B0CF71D00CBD6A2 /* XCRemoteSwiftPackageReference "firebase-ios-sdk" */;
			productName = FirebasePerformance;
		};
		475ABA4D2B0CF71E00CBD6A2 /* FirebaseRemoteConfig */ = {
			isa = XCSwiftPackageProductDependency;
			package = 475ABA1E2B0CF71D00CBD6A2 /* XCRemoteSwiftPackageReference "firebase-ios-sdk" */;
			productName = FirebaseRemoteConfig;
		};
		475ABA4F2B0CF71E00CBD6A2 /* FirebaseRemoteConfigSwift */ = {
			isa = XCSwiftPackageProductDependency;
			package = 475ABA1E2B0CF71D00CBD6A2 /* XCRemoteSwiftPackageReference "firebase-ios-sdk" */;
			productName = FirebaseRemoteConfigSwift;
		};
		475ABA512B0CF71E00CBD6A2 /* FirebaseStorage */ = {
			isa = XCSwiftPackageProductDependency;
			package = 475ABA1E2B0CF71D00CBD6A2 /* XCRemoteSwiftPackageReference "firebase-ios-sdk" */;
			productName = FirebaseStorage;
		};
		475ABA532B0CF71E00CBD6A2 /* FirebaseStorageCombine-Community */ = {
			isa = XCSwiftPackageProductDependency;
			package = 475ABA1E2B0CF71D00CBD6A2 /* XCRemoteSwiftPackageReference "firebase-ios-sdk" */;
			productName = "FirebaseStorageCombine-Community";
		};
		47769A932B0AB51100FC8610 /* KMPNativeCoroutinesAsync */ = {
			isa = XCSwiftPackageProductDependency;
			package = 47769A922B0AB51100FC8610 /* XCRemoteSwiftPackageReference "KMP-NativeCoroutines" */;
			productName = KMPNativeCoroutinesAsync;
		};
		47769A952B0AB51100FC8610 /* KMPNativeCoroutinesCombine */ = {
			isa = XCSwiftPackageProductDependency;
			package = 47769A922B0AB51100FC8610 /* XCRemoteSwiftPackageReference "KMP-NativeCoroutines" */;
			productName = KMPNativeCoroutinesCombine;
		};
		47769A972B0AB51100FC8610 /* KMPNativeCoroutinesCore */ = {
			isa = XCSwiftPackageProductDependency;
			package = 47769A922B0AB51100FC8610 /* XCRemoteSwiftPackageReference "KMP-NativeCoroutines" */;
			productName = KMPNativeCoroutinesCore;
		};
		47769A992B0AB51100FC8610 /* KMPNativeCoroutinesRxSwift */ = {
			isa = XCSwiftPackageProductDependency;
			package = 47769A922B0AB51100FC8610 /* XCRemoteSwiftPackageReference "KMP-NativeCoroutines" */;
			productName = KMPNativeCoroutinesRxSwift;
		};
		47769A9C2B0AB6E300FC8610 /* KMMViewModelCore */ = {
			isa = XCSwiftPackageProductDependency;
			package = 47769A9B2B0AB6E300FC8610 /* XCRemoteSwiftPackageReference "KMM-ViewModel" */;
			productName = KMMViewModelCore;
		};
		47769A9E2B0AB6E300FC8610 /* KMMViewModelSwiftUI */ = {
			isa = XCSwiftPackageProductDependency;
			package = 47769A9B2B0AB6E300FC8610 /* XCRemoteSwiftPackageReference "KMM-ViewModel" */;
			productName = KMMViewModelSwiftUI;
		};
		47769AA62B0B608D00FC8610 /* KMMViewModelCore */ = {
			isa = XCSwiftPackageProductDependency;
			package = 47769A9B2B0AB6E300FC8610 /* XCRemoteSwiftPackageReference "KMM-ViewModel" */;
			productName = KMMViewModelCore;
		};
		47769AA82B0B608D00FC8610 /* KMMViewModelSwiftUI */ = {
			isa = XCSwiftPackageProductDependency;
			package = 47769A9B2B0AB6E300FC8610 /* XCRemoteSwiftPackageReference "KMM-ViewModel" */;
			productName = KMMViewModelSwiftUI;
		};
/* End XCSwiftPackageProductDependency section */
	};
	rootObject = 473CF1292ABBF69F0040713A /* Project object */;
}
